// !$*UTF8*$!
{
	archiveVersion = 1;
	classes = {
	};
	objectVersion = 46;
	objects = {

/* Begin PBXBuildFile section */
		771AB1EF1E094AA100AAC4D1 /* SSKeychain.strings in Resources */ = {isa = PBXBuildFile; fileRef = 771AB1E91E094AA100AAC4D1 /* SSKeychain.strings */; };
		771AB1F01E094AA100AAC4D1 /* SSKeychain.m in Sources */ = {isa = PBXBuildFile; fileRef = 771AB1EC1E094AA100AAC4D1 /* SSKeychain.m */; };
		771AB1F11E094AA100AAC4D1 /* SSKeychainQuery.m in Sources */ = {isa = PBXBuildFile; fileRef = 771AB1EE1E094AA100AAC4D1 /* SSKeychainQuery.m */; };
		771AB1F41E094ABA00AAC4D1 /* NSString+Hash.m in Sources */ = {isa = PBXBuildFile; fileRef = 771AB1F31E094ABA00AAC4D1 /* NSString+Hash.m */; };
		772837E61E06C5E600A4E0B4 /* FCRecommendHeader.xib in Resources */ = {isa = PBXBuildFile; fileRef = 772837E51E06C5E600A4E0B4 /* FCRecommendHeader.xib */; };
		772837EC1E07939400A4E0B4 /* FCChannelModel.m in Sources */ = {isa = PBXBuildFile; fileRef = 772837EB1E07939400A4E0B4 /* FCChannelModel.m */; };
		772837EF1E0793FD00A4E0B4 /* FCChannelDataModel.m in Sources */ = {isa = PBXBuildFile; fileRef = 772837EE1E0793FD00A4E0B4 /* FCChannelDataModel.m */; };
		772837F21E07AC8200A4E0B4 /* FCChannelCell.m in Sources */ = {isa = PBXBuildFile; fileRef = 772837F11E07AC8200A4E0B4 /* FCChannelCell.m */; };
		772837F41E07ACE300A4E0B4 /* FCChannelCell.xib in Resources */ = {isa = PBXBuildFile; fileRef = 772837F31E07ACE300A4E0B4 /* FCChannelCell.xib */; };
		772837F71E07B61200A4E0B4 /* FCBaseCollectionCell.m in Sources */ = {isa = PBXBuildFile; fileRef = 772837F61E07B61200A4E0B4 /* FCBaseCollectionCell.m */; };
		772837FA1E07C95B00A4E0B4 /* FCReusableHeaderView.m in Sources */ = {isa = PBXBuildFile; fileRef = 772837F91E07C95B00A4E0B4 /* FCReusableHeaderView.m */; };
		77501DBC1DFD389700E48E73 /* FCSettingViewCtr.m in Sources */ = {isa = PBXBuildFile; fileRef = 77501DBB1DFD389700E48E73 /* FCSettingViewCtr.m */; };
		775350221DFC12C500B27B79 /* main.m in Sources */ = {isa = PBXBuildFile; fileRef = 775350211DFC12C500B27B79 /* main.m */; };
		775350251DFC12C500B27B79 /* AppDelegate.m in Sources */ = {isa = PBXBuildFile; fileRef = 775350241DFC12C500B27B79 /* AppDelegate.m */; };
		7753502D1DFC12C500B27B79 /* Assets.xcassets in Resources */ = {isa = PBXBuildFile; fileRef = 7753502C1DFC12C500B27B79 /* Assets.xcassets */; };
		775350301DFC12C500B27B79 /* LaunchScreen.storyboard in Resources */ = {isa = PBXBuildFile; fileRef = 7753502E1DFC12C500B27B79 /* LaunchScreen.storyboard */; };
		7759ED2B1E11F99000CCB3D7 /* FCBaseModel.m in Sources */ = {isa = PBXBuildFile; fileRef = 7759ED2A1E11F99000CCB3D7 /* FCBaseModel.m */; };
		775AA1EB1E07DEB500B6D204 /* FCRecommendChannelInfo.m in Sources */ = {isa = PBXBuildFile; fileRef = 775AA1EA1E07DEB500B6D204 /* FCRecommendChannelInfo.m */; };
		775AA1EE1E080C6100B6D204 /* FCCatagaryCollectionFlowLayOut.m in Sources */ = {isa = PBXBuildFile; fileRef = 775AA1ED1E080C6100B6D204 /* FCCatagaryCollectionFlowLayOut.m */; };
		775AA1F11E080F8800B6D204 /* FCCatagaryCollectionCell.m in Sources */ = {isa = PBXBuildFile; fileRef = 775AA1F01E080F8800B6D204 /* FCCatagaryCollectionCell.m */; };
		775AA1F31E080FC200B6D204 /* FCCatagaryCollectionCell.xib in Resources */ = {isa = PBXBuildFile; fileRef = 775AA1F21E080FC200B6D204 /* FCCatagaryCollectionCell.xib */; };
		775AA1F61E08B57400B6D204 /* FCNetWorkDataFactory.m in Sources */ = {isa = PBXBuildFile; fileRef = 775AA1F51E08B57400B6D204 /* FCNetWorkDataFactory.m */; };
		775AA1F91E08BC2300B6D204 /* FCHotLiveBanners.m in Sources */ = {isa = PBXBuildFile; fileRef = 775AA1F81E08BC2300B6D204 /* FCHotLiveBanners.m */; };
		775AA1FC1E08BEA000B6D204 /* FCRecommendCycleBanner.m in Sources */ = {isa = PBXBuildFile; fileRef = 775AA1FB1E08BEA000B6D204 /* FCRecommendCycleBanner.m */; };
		775AA1FF1E08E8AF00B6D204 /* FCDetailChannelFlowLayOut.m in Sources */ = {isa = PBXBuildFile; fileRef = 775AA1FE1E08E8AF00B6D204 /* FCDetailChannelFlowLayOut.m */; };
		77696FC01DFD859D002C62BA /* FCSetingTabCell.m in Sources */ = {isa = PBXBuildFile; fileRef = 77696FBF1DFD859D002C62BA /* FCSetingTabCell.m */; };
		77696FC31DFD883A002C62BA /* FCSettingModel.m in Sources */ = {isa = PBXBuildFile; fileRef = 77696FC21DFD883A002C62BA /* FCSettingModel.m */; };
		77696FC51DFD8A8D002C62BA /* FCSetting.plist in Resources */ = {isa = PBXBuildFile; fileRef = 77696FC41DFD8A8D002C62BA /* FCSetting.plist */; };
		776A75FC1E065D1900C5C7AB /* FCRecommendChannelsView.m in Sources */ = {isa = PBXBuildFile; fileRef = 776A75FB1E065D1900C5C7AB /* FCRecommendChannelsView.m */; };
		776A75FE1E0663E500C5C7AB /* FCRecommendChannelsView.xib in Resources */ = {isa = PBXBuildFile; fileRef = 776A75FD1E0663E500C5C7AB /* FCRecommendChannelsView.xib */; };
		776A76011E0666E900C5C7AB /* FCChannelLable.m in Sources */ = {isa = PBXBuildFile; fileRef = 776A76001E0666E900C5C7AB /* FCChannelLable.m */; };
		776A76041E069DF500C5C7AB /* FCReconmmendCtr.m in Sources */ = {isa = PBXBuildFile; fileRef = 776A76031E069DF500C5C7AB /* FCReconmmendCtr.m */; };
		776A76131E069EC300C5C7AB /* AFHTTPSessionManager.m in Sources */ = {isa = PBXBuildFile; fileRef = 776A76071E069EC300C5C7AB /* AFHTTPSessionManager.m */; };
		776A76141E069EC300C5C7AB /* AFNetworkReachabilityManager.m in Sources */ = {isa = PBXBuildFile; fileRef = 776A760A1E069EC300C5C7AB /* AFNetworkReachabilityManager.m */; };
		776A76151E069EC300C5C7AB /* AFSecurityPolicy.m in Sources */ = {isa = PBXBuildFile; fileRef = 776A760C1E069EC300C5C7AB /* AFSecurityPolicy.m */; };
		776A76161E069EC300C5C7AB /* AFURLRequestSerialization.m in Sources */ = {isa = PBXBuildFile; fileRef = 776A760E1E069EC300C5C7AB /* AFURLRequestSerialization.m */; };
		776A76171E069EC300C5C7AB /* AFURLResponseSerialization.m in Sources */ = {isa = PBXBuildFile; fileRef = 776A76101E069EC300C5C7AB /* AFURLResponseSerialization.m */; };
		776A76181E069EC300C5C7AB /* AFURLSessionManager.m in Sources */ = {isa = PBXBuildFile; fileRef = 776A76121E069EC300C5C7AB /* AFURLSessionManager.m */; };
		776A761C1E069EDC00C5C7AB /* NetWorkTool.m in Sources */ = {isa = PBXBuildFile; fileRef = 776A761B1E069EDC00C5C7AB /* NetWorkTool.m */; };
		776A76221E06A0A700C5C7AB /* FCDetailChannelCtr.m in Sources */ = {isa = PBXBuildFile; fileRef = 776A76211E06A0A700C5C7AB /* FCDetailChannelCtr.m */; };
		77885F691E13535F0049E8FA /* FCContentCollectionLayOut.m in Sources */ = {isa = PBXBuildFile; fileRef = 77885F681E13535F0049E8FA /* FCContentCollectionLayOut.m */; };
		77885F6F1E135D3A0049E8FA /* FCContentCollectionCell.m in Sources */ = {isa = PBXBuildFile; fileRef = 77885F6E1E135D3A0049E8FA /* FCContentCollectionCell.m */; };
		7790F0281DFCED3000181E49 /* FCMinePageViewCtr.m in Sources */ = {isa = PBXBuildFile; fileRef = 7790F0271DFCED3000181E49 /* FCMinePageViewCtr.m */; };
		7790F02B1DFCF0C000181E49 /* FCCoustomTabBar.m in Sources */ = {isa = PBXBuildFile; fileRef = 7790F02A1DFCF0C000181E49 /* FCCoustomTabBar.m */; };
		7790F27B1DFD01DA00181E49 /* MASCompositeConstraint.m in Sources */ = {isa = PBXBuildFile; fileRef = 7790F2351DFD01DA00181E49 /* MASCompositeConstraint.m */; };
		7790F27C1DFD01DA00181E49 /* MASConstraint.m in Sources */ = {isa = PBXBuildFile; fileRef = 7790F2381DFD01DA00181E49 /* MASConstraint.m */; };
		7790F27D1DFD01DA00181E49 /* MASConstraintMaker.m in Sources */ = {isa = PBXBuildFile; fileRef = 7790F23A1DFD01DA00181E49 /* MASConstraintMaker.m */; };
		7790F27E1DFD01DA00181E49 /* MASLayoutConstraint.m in Sources */ = {isa = PBXBuildFile; fileRef = 7790F23C1DFD01DA00181E49 /* MASLayoutConstraint.m */; };
		7790F27F1DFD01DA00181E49 /* MASViewAttribute.m in Sources */ = {isa = PBXBuildFile; fileRef = 7790F2401DFD01DA00181E49 /* MASViewAttribute.m */; };
		7790F2801DFD01DA00181E49 /* MASViewConstraint.m in Sources */ = {isa = PBXBuildFile; fileRef = 7790F2421DFD01DA00181E49 /* MASViewConstraint.m */; };
		7790F2811DFD01DA00181E49 /* NSArray+MASAdditions.m in Sources */ = {isa = PBXBuildFile; fileRef = 7790F2441DFD01DA00181E49 /* NSArray+MASAdditions.m */; };
		7790F2821DFD01DA00181E49 /* NSLayoutConstraint+MASDebugAdditions.m in Sources */ = {isa = PBXBuildFile; fileRef = 7790F2471DFD01DA00181E49 /* NSLayoutConstraint+MASDebugAdditions.m */; };
		7790F2831DFD01DA00181E49 /* View+MASAdditions.m in Sources */ = {isa = PBXBuildFile; fileRef = 7790F2491DFD01DA00181E49 /* View+MASAdditions.m */; };
		7790F2841DFD01DA00181E49 /* ViewController+MASAdditions.m in Sources */ = {isa = PBXBuildFile; fileRef = 7790F24C1DFD01DA00181E49 /* ViewController+MASAdditions.m */; };
		7790F2951DFD01DA00181E49 /* SVIndefiniteAnimatedView.m in Sources */ = {isa = PBXBuildFile; fileRef = 7790F2711DFD01DA00181E49 /* SVIndefiniteAnimatedView.m */; };
		7790F2961DFD01DA00181E49 /* SVProgressAnimatedView.m in Sources */ = {isa = PBXBuildFile; fileRef = 7790F2731DFD01DA00181E49 /* SVProgressAnimatedView.m */; };
		7790F2971DFD01DA00181E49 /* SVProgressHUD.bundle in Resources */ = {isa = PBXBuildFile; fileRef = 7790F2751DFD01DA00181E49 /* SVProgressHUD.bundle */; };
		7790F2981DFD01DA00181E49 /* SVProgressHUD.m in Sources */ = {isa = PBXBuildFile; fileRef = 7790F2771DFD01DA00181E49 /* SVProgressHUD.m */; };
		7790F2991DFD01DA00181E49 /* SVRadialGradientLayer.m in Sources */ = {isa = PBXBuildFile; fileRef = 7790F2791DFD01DA00181E49 /* SVRadialGradientLayer.m */; };
		7793CC711E057F9500A4BAE5 /* FCUserInfo.m in Sources */ = {isa = PBXBuildFile; fileRef = 7793CC701E057F9500A4BAE5 /* FCUserInfo.m */; };
		7793CC741E05818100A4BAE5 /* UILabel+extension.m in Sources */ = {isa = PBXBuildFile; fileRef = 7793CC731E05818100A4BAE5 /* UILabel+extension.m */; };
		7793CC771E06147800A4BAE5 /* FCUserInfoView.m in Sources */ = {isa = PBXBuildFile; fileRef = 7793CC761E06147800A4BAE5 /* FCUserInfoView.m */; };
		7793CC7A1E061B4F00A4BAE5 /* FCCatagarySettingCell.m in Sources */ = {isa = PBXBuildFile; fileRef = 7793CC791E061B4F00A4BAE5 /* FCCatagarySettingCell.m */; };
		7793CC7D1E061C5F00A4BAE5 /* FCCatagarySettingItem.m in Sources */ = {isa = PBXBuildFile; fileRef = 7793CC7C1E061C5F00A4BAE5 /* FCCatagarySettingItem.m */; };
		7793CC831E06318D00A4BAE5 /* FCCatagarySetting.plist in Resources */ = {isa = PBXBuildFile; fileRef = 7793CC821E06318D00A4BAE5 /* FCCatagarySetting.plist */; };
		7793CC861E0641B000A4BAE5 /* FCLoginViewCtr.m in Sources */ = {isa = PBXBuildFile; fileRef = 7793CC851E0641B000A4BAE5 /* FCLoginViewCtr.m */; };
		7795EC1B1E094F39007A7384 /* UIButton+extension.m in Sources */ = {isa = PBXBuildFile; fileRef = 7795EC1A1E094F39007A7384 /* UIButton+extension.m */; };
		7795EC1E1E094FDC007A7384 /* FCLoginInputBtn.m in Sources */ = {isa = PBXBuildFile; fileRef = 7795EC1D1E094FDC007A7384 /* FCLoginInputBtn.m */; };
		7795EC211E09583B007A7384 /* FCRightImgBtn.m in Sources */ = {isa = PBXBuildFile; fileRef = 7795EC201E09583B007A7384 /* FCRightImgBtn.m */; };
		7795EC4E1E0A6EFE007A7384 /* FCMineUserDetailCtr.m in Sources */ = {isa = PBXBuildFile; fileRef = 7795EC4D1E0A6EFE007A7384 /* FCMineUserDetailCtr.m */; };
		77AEF8701E1138F40095FD76 /* FCCycleScrollCell.m in Sources */ = {isa = PBXBuildFile; fileRef = 77AEF86F1E1138F40095FD76 /* FCCycleScrollCell.m */; };
		77AEF8731E1149940095FD76 /* FCHotLiveRecommendCell.m in Sources */ = {isa = PBXBuildFile; fileRef = 77AEF8721E1149940095FD76 /* FCHotLiveRecommendCell.m */; };
		77AEF8761E114ADD0095FD76 /* FCHotLiveColletionLayOut.m in Sources */ = {isa = PBXBuildFile; fileRef = 77AEF8751E114ADD0095FD76 /* FCHotLiveColletionLayOut.m */; };
		77C89A011DFC1AA000A80625 /* UIView+extension.m in Sources */ = {isa = PBXBuildFile; fileRef = 77C89A001DFC1AA000A80625 /* UIView+extension.m */; };
		77C89A041DFC1D0F00A80625 /* FCRootTabBarCtr.m in Sources */ = {isa = PBXBuildFile; fileRef = 77C89A031DFC1D0F00A80625 /* FCRootTabBarCtr.m */; };
		77C89A071DFC1EA500A80625 /* FCBaseViewController.m in Sources */ = {isa = PBXBuildFile; fileRef = 77C89A061DFC1EA500A80625 /* FCBaseViewController.m */; };
		77D507131DFCDBBE0012044D /* FCBaseNavigationController.m in Sources */ = {isa = PBXBuildFile; fileRef = 77D507121DFCDBBE0012044D /* FCBaseNavigationController.m */; };
		77D507161DFCDC210012044D /* FCHomePageViewCtr.m in Sources */ = {isa = PBXBuildFile; fileRef = 77D507151DFCDC210012044D /* FCHomePageViewCtr.m */; };
		77D507191DFCDC4F0012044D /* FCLivePageViewCtr.m in Sources */ = {isa = PBXBuildFile; fileRef = 77D507181DFCDC4F0012044D /* FCLivePageViewCtr.m */; };
		77D5071C1DFCDCA70012044D /* FCCatagryPageViewCtr.m in Sources */ = {isa = PBXBuildFile; fileRef = 77D5071B1DFCDCA70012044D /* FCCatagryPageViewCtr.m */; };
		FD9C61092E01A4206436C44D /* libPods-FireCatLive.a in Frameworks */ = {isa = PBXBuildFile; fileRef = 707EE01A7506FAC6B24A75C9 /* libPods-FireCatLive.a */; };
/* End PBXBuildFile section */

/* Begin PBXFileReference section */
		707EE01A7506FAC6B24A75C9 /* libPods-FireCatLive.a */ = {isa = PBXFileReference; explicitFileType = archive.ar; includeInIndex = 0; path = "libPods-FireCatLive.a"; sourceTree = BUILT_PRODUCTS_DIR; };
		771AB1EA1E094AA100AAC4D1 /* en */ = {isa = PBXFileReference; lastKnownFileType = text.plist.strings; name = en; path = en.lproj/SSKeychain.strings; sourceTree = "<group>"; };
		771AB1EB1E094AA100AAC4D1 /* SSKeychain.h */ = {isa = PBXFileReference; fileEncoding = 4; lastKnownFileType = sourcecode.c.h; path = SSKeychain.h; sourceTree = "<group>"; };
		771AB1EC1E094AA100AAC4D1 /* SSKeychain.m */ = {isa = PBXFileReference; fileEncoding = 4; lastKnownFileType = sourcecode.c.objc; path = SSKeychain.m; sourceTree = "<group>"; };
		771AB1ED1E094AA100AAC4D1 /* SSKeychainQuery.h */ = {isa = PBXFileReference; fileEncoding = 4; lastKnownFileType = sourcecode.c.h; path = SSKeychainQuery.h; sourceTree = "<group>"; };
		771AB1EE1E094AA100AAC4D1 /* SSKeychainQuery.m */ = {isa = PBXFileReference; fileEncoding = 4; lastKnownFileType = sourcecode.c.objc; path = SSKeychainQuery.m; sourceTree = "<group>"; };
		771AB1F21E094ABA00AAC4D1 /* NSString+Hash.h */ = {isa = PBXFileReference; fileEncoding = 4; lastKnownFileType = sourcecode.c.h; path = "NSString+Hash.h"; sourceTree = "<group>"; };
		771AB1F31E094ABA00AAC4D1 /* NSString+Hash.m */ = {isa = PBXFileReference; fileEncoding = 4; lastKnownFileType = sourcecode.c.objc; path = "NSString+Hash.m"; sourceTree = "<group>"; };
		772837E51E06C5E600A4E0B4 /* FCRecommendHeader.xib */ = {isa = PBXFileReference; fileEncoding = 4; lastKnownFileType = file.xib; path = FCRecommendHeader.xib; sourceTree = "<group>"; };
		772837EA1E07939400A4E0B4 /* FCChannelModel.h */ = {isa = PBXFileReference; fileEncoding = 4; lastKnownFileType = sourcecode.c.h; path = FCChannelModel.h; sourceTree = "<group>"; };
		772837EB1E07939400A4E0B4 /* FCChannelModel.m */ = {isa = PBXFileReference; fileEncoding = 4; lastKnownFileType = sourcecode.c.objc; path = FCChannelModel.m; sourceTree = "<group>"; };
		772837ED1E0793FD00A4E0B4 /* FCChannelDataModel.h */ = {isa = PBXFileReference; fileEncoding = 4; lastKnownFileType = sourcecode.c.h; path = FCChannelDataModel.h; sourceTree = "<group>"; };
		772837EE1E0793FD00A4E0B4 /* FCChannelDataModel.m */ = {isa = PBXFileReference; fileEncoding = 4; lastKnownFileType = sourcecode.c.objc; path = FCChannelDataModel.m; sourceTree = "<group>"; };
		772837F01E07AC8200A4E0B4 /* FCChannelCell.h */ = {isa = PBXFileReference; fileEncoding = 4; lastKnownFileType = sourcecode.c.h; path = FCChannelCell.h; sourceTree = "<group>"; };
		772837F11E07AC8200A4E0B4 /* FCChannelCell.m */ = {isa = PBXFileReference; fileEncoding = 4; lastKnownFileType = sourcecode.c.objc; path = FCChannelCell.m; sourceTree = "<group>"; };
		772837F31E07ACE300A4E0B4 /* FCChannelCell.xib */ = {isa = PBXFileReference; fileEncoding = 4; lastKnownFileType = file.xib; path = FCChannelCell.xib; sourceTree = "<group>"; };
		772837F51E07B61200A4E0B4 /* FCBaseCollectionCell.h */ = {isa = PBXFileReference; fileEncoding = 4; lastKnownFileType = sourcecode.c.h; path = FCBaseCollectionCell.h; sourceTree = "<group>"; };
		772837F61E07B61200A4E0B4 /* FCBaseCollectionCell.m */ = {isa = PBXFileReference; fileEncoding = 4; lastKnownFileType = sourcecode.c.objc; path = FCBaseCollectionCell.m; sourceTree = "<group>"; };
		772837F81E07C95B00A4E0B4 /* FCReusableHeaderView.h */ = {isa = PBXFileReference; fileEncoding = 4; lastKnownFileType = sourcecode.c.h; path = FCReusableHeaderView.h; sourceTree = "<group>"; };
		772837F91E07C95B00A4E0B4 /* FCReusableHeaderView.m */ = {isa = PBXFileReference; fileEncoding = 4; lastKnownFileType = sourcecode.c.objc; path = FCReusableHeaderView.m; sourceTree = "<group>"; };
		77501DBA1DFD389700E48E73 /* FCSettingViewCtr.h */ = {isa = PBXFileReference; fileEncoding = 4; lastKnownFileType = sourcecode.c.h; path = FCSettingViewCtr.h; sourceTree = "<group>"; };
		77501DBB1DFD389700E48E73 /* FCSettingViewCtr.m */ = {isa = PBXFileReference; fileEncoding = 4; lastKnownFileType = sourcecode.c.objc; path = FCSettingViewCtr.m; sourceTree = "<group>"; };
		7753501D1DFC12C500B27B79 /* FireCatLive.app */ = {isa = PBXFileReference; explicitFileType = wrapper.application; includeInIndex = 0; path = FireCatLive.app; sourceTree = BUILT_PRODUCTS_DIR; };
		775350211DFC12C500B27B79 /* main.m */ = {isa = PBXFileReference; lastKnownFileType = sourcecode.c.objc; path = main.m; sourceTree = "<group>"; };
		775350231DFC12C500B27B79 /* AppDelegate.h */ = {isa = PBXFileReference; lastKnownFileType = sourcecode.c.h; name = AppDelegate.h; path = ../AppDelegate.h; sourceTree = "<group>"; };
		775350241DFC12C500B27B79 /* AppDelegate.m */ = {isa = PBXFileReference; lastKnownFileType = sourcecode.c.objc; name = AppDelegate.m; path = ../AppDelegate.m; sourceTree = "<group>"; };
		7753502C1DFC12C500B27B79 /* Assets.xcassets */ = {isa = PBXFileReference; lastKnownFileType = folder.assetcatalog; path = Assets.xcassets; sourceTree = "<group>"; };
		7753502F1DFC12C500B27B79 /* Base */ = {isa = PBXFileReference; lastKnownFileType = file.storyboard; name = Base; path = Base.lproj/LaunchScreen.storyboard; sourceTree = "<group>"; };
		775350311DFC12C500B27B79 /* Info.plist */ = {isa = PBXFileReference; lastKnownFileType = text.plist.xml; path = Info.plist; sourceTree = "<group>"; };
		7759ED291E11F99000CCB3D7 /* FCBaseModel.h */ = {isa = PBXFileReference; fileEncoding = 4; lastKnownFileType = sourcecode.c.h; path = FCBaseModel.h; sourceTree = "<group>"; };
		7759ED2A1E11F99000CCB3D7 /* FCBaseModel.m */ = {isa = PBXFileReference; fileEncoding = 4; lastKnownFileType = sourcecode.c.objc; path = FCBaseModel.m; sourceTree = "<group>"; };
		775AA1E91E07DEB500B6D204 /* FCRecommendChannelInfo.h */ = {isa = PBXFileReference; fileEncoding = 4; lastKnownFileType = sourcecode.c.h; path = FCRecommendChannelInfo.h; sourceTree = "<group>"; };
		775AA1EA1E07DEB500B6D204 /* FCRecommendChannelInfo.m */ = {isa = PBXFileReference; fileEncoding = 4; lastKnownFileType = sourcecode.c.objc; path = FCRecommendChannelInfo.m; sourceTree = "<group>"; };
		775AA1EC1E080C6100B6D204 /* FCCatagaryCollectionFlowLayOut.h */ = {isa = PBXFileReference; fileEncoding = 4; lastKnownFileType = sourcecode.c.h; path = FCCatagaryCollectionFlowLayOut.h; sourceTree = "<group>"; };
		775AA1ED1E080C6100B6D204 /* FCCatagaryCollectionFlowLayOut.m */ = {isa = PBXFileReference; fileEncoding = 4; lastKnownFileType = sourcecode.c.objc; path = FCCatagaryCollectionFlowLayOut.m; sourceTree = "<group>"; };
		775AA1EF1E080F8800B6D204 /* FCCatagaryCollectionCell.h */ = {isa = PBXFileReference; fileEncoding = 4; lastKnownFileType = sourcecode.c.h; path = FCCatagaryCollectionCell.h; sourceTree = "<group>"; };
		775AA1F01E080F8800B6D204 /* FCCatagaryCollectionCell.m */ = {isa = PBXFileReference; fileEncoding = 4; lastKnownFileType = sourcecode.c.objc; path = FCCatagaryCollectionCell.m; sourceTree = "<group>"; };
		775AA1F21E080FC200B6D204 /* FCCatagaryCollectionCell.xib */ = {isa = PBXFileReference; fileEncoding = 4; lastKnownFileType = file.xib; path = FCCatagaryCollectionCell.xib; sourceTree = "<group>"; };
		775AA1F41E08B57400B6D204 /* FCNetWorkDataFactory.h */ = {isa = PBXFileReference; fileEncoding = 4; lastKnownFileType = sourcecode.c.h; path = FCNetWorkDataFactory.h; sourceTree = "<group>"; };
		775AA1F51E08B57400B6D204 /* FCNetWorkDataFactory.m */ = {isa = PBXFileReference; fileEncoding = 4; lastKnownFileType = sourcecode.c.objc; path = FCNetWorkDataFactory.m; sourceTree = "<group>"; };
		775AA1F71E08BC2300B6D204 /* FCHotLiveBanners.h */ = {isa = PBXFileReference; fileEncoding = 4; lastKnownFileType = sourcecode.c.h; path = FCHotLiveBanners.h; sourceTree = "<group>"; };
		775AA1F81E08BC2300B6D204 /* FCHotLiveBanners.m */ = {isa = PBXFileReference; fileEncoding = 4; lastKnownFileType = sourcecode.c.objc; path = FCHotLiveBanners.m; sourceTree = "<group>"; };
		775AA1FA1E08BEA000B6D204 /* FCRecommendCycleBanner.h */ = {isa = PBXFileReference; fileEncoding = 4; lastKnownFileType = sourcecode.c.h; path = FCRecommendCycleBanner.h; sourceTree = "<group>"; };
		775AA1FB1E08BEA000B6D204 /* FCRecommendCycleBanner.m */ = {isa = PBXFileReference; fileEncoding = 4; lastKnownFileType = sourcecode.c.objc; path = FCRecommendCycleBanner.m; sourceTree = "<group>"; };
		775AA1FD1E08E8AF00B6D204 /* FCDetailChannelFlowLayOut.h */ = {isa = PBXFileReference; fileEncoding = 4; lastKnownFileType = sourcecode.c.h; path = FCDetailChannelFlowLayOut.h; sourceTree = "<group>"; };
		775AA1FE1E08E8AF00B6D204 /* FCDetailChannelFlowLayOut.m */ = {isa = PBXFileReference; fileEncoding = 4; lastKnownFileType = sourcecode.c.objc; path = FCDetailChannelFlowLayOut.m; sourceTree = "<group>"; };
		77696FBE1DFD859D002C62BA /* FCSetingTabCell.h */ = {isa = PBXFileReference; fileEncoding = 4; lastKnownFileType = sourcecode.c.h; path = FCSetingTabCell.h; sourceTree = "<group>"; };
		77696FBF1DFD859D002C62BA /* FCSetingTabCell.m */ = {isa = PBXFileReference; fileEncoding = 4; lastKnownFileType = sourcecode.c.objc; path = FCSetingTabCell.m; sourceTree = "<group>"; };
		77696FC11DFD883A002C62BA /* FCSettingModel.h */ = {isa = PBXFileReference; fileEncoding = 4; lastKnownFileType = sourcecode.c.h; path = FCSettingModel.h; sourceTree = "<group>"; };
		77696FC21DFD883A002C62BA /* FCSettingModel.m */ = {isa = PBXFileReference; fileEncoding = 4; lastKnownFileType = sourcecode.c.objc; path = FCSettingModel.m; sourceTree = "<group>"; };
		77696FC41DFD8A8D002C62BA /* FCSetting.plist */ = {isa = PBXFileReference; fileEncoding = 4; lastKnownFileType = text.plist.xml; path = FCSetting.plist; sourceTree = "<group>"; };
		776A75FA1E065D1900C5C7AB /* FCRecommendChannelsView.h */ = {isa = PBXFileReference; fileEncoding = 4; lastKnownFileType = sourcecode.c.h; path = FCRecommendChannelsView.h; sourceTree = "<group>"; };
		776A75FB1E065D1900C5C7AB /* FCRecommendChannelsView.m */ = {isa = PBXFileReference; fileEncoding = 4; lastKnownFileType = sourcecode.c.objc; path = FCRecommendChannelsView.m; sourceTree = "<group>"; };
		776A75FD1E0663E500C5C7AB /* FCRecommendChannelsView.xib */ = {isa = PBXFileReference; fileEncoding = 4; lastKnownFileType = file.xib; path = FCRecommendChannelsView.xib; sourceTree = "<group>"; };
		776A75FF1E0666E900C5C7AB /* FCChannelLable.h */ = {isa = PBXFileReference; fileEncoding = 4; lastKnownFileType = sourcecode.c.h; path = FCChannelLable.h; sourceTree = "<group>"; };
		776A76001E0666E900C5C7AB /* FCChannelLable.m */ = {isa = PBXFileReference; fileEncoding = 4; lastKnownFileType = sourcecode.c.objc; path = FCChannelLable.m; sourceTree = "<group>"; };
		776A76021E069DF500C5C7AB /* FCReconmmendCtr.h */ = {isa = PBXFileReference; fileEncoding = 4; lastKnownFileType = sourcecode.c.h; path = FCReconmmendCtr.h; sourceTree = "<group>"; };
		776A76031E069DF500C5C7AB /* FCReconmmendCtr.m */ = {isa = PBXFileReference; fileEncoding = 4; lastKnownFileType = sourcecode.c.objc; path = FCReconmmendCtr.m; sourceTree = "<group>"; };
		776A76061E069EC300C5C7AB /* AFHTTPSessionManager.h */ = {isa = PBXFileReference; fileEncoding = 4; lastKnownFileType = sourcecode.c.h; path = AFHTTPSessionManager.h; sourceTree = "<group>"; };
		776A76071E069EC300C5C7AB /* AFHTTPSessionManager.m */ = {isa = PBXFileReference; fileEncoding = 4; lastKnownFileType = sourcecode.c.objc; path = AFHTTPSessionManager.m; sourceTree = "<group>"; };
		776A76081E069EC300C5C7AB /* AFNetworking.h */ = {isa = PBXFileReference; fileEncoding = 4; lastKnownFileType = sourcecode.c.h; path = AFNetworking.h; sourceTree = "<group>"; };
		776A76091E069EC300C5C7AB /* AFNetworkReachabilityManager.h */ = {isa = PBXFileReference; fileEncoding = 4; lastKnownFileType = sourcecode.c.h; path = AFNetworkReachabilityManager.h; sourceTree = "<group>"; };
		776A760A1E069EC300C5C7AB /* AFNetworkReachabilityManager.m */ = {isa = PBXFileReference; fileEncoding = 4; lastKnownFileType = sourcecode.c.objc; path = AFNetworkReachabilityManager.m; sourceTree = "<group>"; };
		776A760B1E069EC300C5C7AB /* AFSecurityPolicy.h */ = {isa = PBXFileReference; fileEncoding = 4; lastKnownFileType = sourcecode.c.h; path = AFSecurityPolicy.h; sourceTree = "<group>"; };
		776A760C1E069EC300C5C7AB /* AFSecurityPolicy.m */ = {isa = PBXFileReference; fileEncoding = 4; lastKnownFileType = sourcecode.c.objc; path = AFSecurityPolicy.m; sourceTree = "<group>"; };
		776A760D1E069EC300C5C7AB /* AFURLRequestSerialization.h */ = {isa = PBXFileReference; fileEncoding = 4; lastKnownFileType = sourcecode.c.h; path = AFURLRequestSerialization.h; sourceTree = "<group>"; };
		776A760E1E069EC300C5C7AB /* AFURLRequestSerialization.m */ = {isa = PBXFileReference; fileEncoding = 4; lastKnownFileType = sourcecode.c.objc; path = AFURLRequestSerialization.m; sourceTree = "<group>"; };
		776A760F1E069EC300C5C7AB /* AFURLResponseSerialization.h */ = {isa = PBXFileReference; fileEncoding = 4; lastKnownFileType = sourcecode.c.h; path = AFURLResponseSerialization.h; sourceTree = "<group>"; };
		776A76101E069EC300C5C7AB /* AFURLResponseSerialization.m */ = {isa = PBXFileReference; fileEncoding = 4; lastKnownFileType = sourcecode.c.objc; path = AFURLResponseSerialization.m; sourceTree = "<group>"; };
		776A76111E069EC300C5C7AB /* AFURLSessionManager.h */ = {isa = PBXFileReference; fileEncoding = 4; lastKnownFileType = sourcecode.c.h; path = AFURLSessionManager.h; sourceTree = "<group>"; };
		776A76121E069EC300C5C7AB /* AFURLSessionManager.m */ = {isa = PBXFileReference; fileEncoding = 4; lastKnownFileType = sourcecode.c.objc; path = AFURLSessionManager.m; sourceTree = "<group>"; };
		776A761A1E069EDC00C5C7AB /* NetWorkTool.h */ = {isa = PBXFileReference; fileEncoding = 4; lastKnownFileType = sourcecode.c.h; path = NetWorkTool.h; sourceTree = "<group>"; };
		776A761B1E069EDC00C5C7AB /* NetWorkTool.m */ = {isa = PBXFileReference; fileEncoding = 4; lastKnownFileType = sourcecode.c.objc; path = NetWorkTool.m; sourceTree = "<group>"; };
		776A76201E06A0A700C5C7AB /* FCDetailChannelCtr.h */ = {isa = PBXFileReference; fileEncoding = 4; lastKnownFileType = sourcecode.c.h; path = FCDetailChannelCtr.h; sourceTree = "<group>"; };
		776A76211E06A0A700C5C7AB /* FCDetailChannelCtr.m */ = {isa = PBXFileReference; fileEncoding = 4; lastKnownFileType = sourcecode.c.objc; path = FCDetailChannelCtr.m; sourceTree = "<group>"; };
		77885F671E13535F0049E8FA /* FCContentCollectionLayOut.h */ = {isa = PBXFileReference; fileEncoding = 4; lastKnownFileType = sourcecode.c.h; path = FCContentCollectionLayOut.h; sourceTree = "<group>"; };
		77885F681E13535F0049E8FA /* FCContentCollectionLayOut.m */ = {isa = PBXFileReference; fileEncoding = 4; lastKnownFileType = sourcecode.c.objc; path = FCContentCollectionLayOut.m; sourceTree = "<group>"; };
		77885F6D1E135D3A0049E8FA /* FCContentCollectionCell.h */ = {isa = PBXFileReference; fileEncoding = 4; lastKnownFileType = sourcecode.c.h; path = FCContentCollectionCell.h; sourceTree = "<group>"; };
		77885F6E1E135D3A0049E8FA /* FCContentCollectionCell.m */ = {isa = PBXFileReference; fileEncoding = 4; lastKnownFileType = sourcecode.c.objc; path = FCContentCollectionCell.m; sourceTree = "<group>"; };
		7790F0261DFCED3000181E49 /* FCMinePageViewCtr.h */ = {isa = PBXFileReference; fileEncoding = 4; lastKnownFileType = sourcecode.c.h; path = FCMinePageViewCtr.h; sourceTree = "<group>"; };
		7790F0271DFCED3000181E49 /* FCMinePageViewCtr.m */ = {isa = PBXFileReference; fileEncoding = 4; lastKnownFileType = sourcecode.c.objc; path = FCMinePageViewCtr.m; sourceTree = "<group>"; };
		7790F0291DFCF0C000181E49 /* FCCoustomTabBar.h */ = {isa = PBXFileReference; fileEncoding = 4; lastKnownFileType = sourcecode.c.h; path = FCCoustomTabBar.h; sourceTree = "<group>"; };
		7790F02A1DFCF0C000181E49 /* FCCoustomTabBar.m */ = {isa = PBXFileReference; fileEncoding = 4; lastKnownFileType = sourcecode.c.objc; path = FCCoustomTabBar.m; sourceTree = "<group>"; };
		7790F2341DFD01DA00181E49 /* MASCompositeConstraint.h */ = {isa = PBXFileReference; fileEncoding = 4; lastKnownFileType = sourcecode.c.h; path = MASCompositeConstraint.h; sourceTree = "<group>"; };
		7790F2351DFD01DA00181E49 /* MASCompositeConstraint.m */ = {isa = PBXFileReference; fileEncoding = 4; lastKnownFileType = sourcecode.c.objc; path = MASCompositeConstraint.m; sourceTree = "<group>"; };
		7790F2361DFD01DA00181E49 /* MASConstraint+Private.h */ = {isa = PBXFileReference; fileEncoding = 4; lastKnownFileType = sourcecode.c.h; path = "MASConstraint+Private.h"; sourceTree = "<group>"; };
		7790F2371DFD01DA00181E49 /* MASConstraint.h */ = {isa = PBXFileReference; fileEncoding = 4; lastKnownFileType = sourcecode.c.h; path = MASConstraint.h; sourceTree = "<group>"; };
		7790F2381DFD01DA00181E49 /* MASConstraint.m */ = {isa = PBXFileReference; fileEncoding = 4; lastKnownFileType = sourcecode.c.objc; path = MASConstraint.m; sourceTree = "<group>"; };
		7790F2391DFD01DA00181E49 /* MASConstraintMaker.h */ = {isa = PBXFileReference; fileEncoding = 4; lastKnownFileType = sourcecode.c.h; path = MASConstraintMaker.h; sourceTree = "<group>"; };
		7790F23A1DFD01DA00181E49 /* MASConstraintMaker.m */ = {isa = PBXFileReference; fileEncoding = 4; lastKnownFileType = sourcecode.c.objc; path = MASConstraintMaker.m; sourceTree = "<group>"; };
		7790F23B1DFD01DA00181E49 /* MASLayoutConstraint.h */ = {isa = PBXFileReference; fileEncoding = 4; lastKnownFileType = sourcecode.c.h; path = MASLayoutConstraint.h; sourceTree = "<group>"; };
		7790F23C1DFD01DA00181E49 /* MASLayoutConstraint.m */ = {isa = PBXFileReference; fileEncoding = 4; lastKnownFileType = sourcecode.c.objc; path = MASLayoutConstraint.m; sourceTree = "<group>"; };
		7790F23D1DFD01DA00181E49 /* Masonry.h */ = {isa = PBXFileReference; fileEncoding = 4; lastKnownFileType = sourcecode.c.h; path = Masonry.h; sourceTree = "<group>"; };
		7790F23E1DFD01DA00181E49 /* MASUtilities.h */ = {isa = PBXFileReference; fileEncoding = 4; lastKnownFileType = sourcecode.c.h; path = MASUtilities.h; sourceTree = "<group>"; };
		7790F23F1DFD01DA00181E49 /* MASViewAttribute.h */ = {isa = PBXFileReference; fileEncoding = 4; lastKnownFileType = sourcecode.c.h; path = MASViewAttribute.h; sourceTree = "<group>"; };
		7790F2401DFD01DA00181E49 /* MASViewAttribute.m */ = {isa = PBXFileReference; fileEncoding = 4; lastKnownFileType = sourcecode.c.objc; path = MASViewAttribute.m; sourceTree = "<group>"; };
		7790F2411DFD01DA00181E49 /* MASViewConstraint.h */ = {isa = PBXFileReference; fileEncoding = 4; lastKnownFileType = sourcecode.c.h; path = MASViewConstraint.h; sourceTree = "<group>"; };
		7790F2421DFD01DA00181E49 /* MASViewConstraint.m */ = {isa = PBXFileReference; fileEncoding = 4; lastKnownFileType = sourcecode.c.objc; path = MASViewConstraint.m; sourceTree = "<group>"; };
		7790F2431DFD01DA00181E49 /* NSArray+MASAdditions.h */ = {isa = PBXFileReference; fileEncoding = 4; lastKnownFileType = sourcecode.c.h; path = "NSArray+MASAdditions.h"; sourceTree = "<group>"; };
		7790F2441DFD01DA00181E49 /* NSArray+MASAdditions.m */ = {isa = PBXFileReference; fileEncoding = 4; lastKnownFileType = sourcecode.c.objc; path = "NSArray+MASAdditions.m"; sourceTree = "<group>"; };
		7790F2451DFD01DA00181E49 /* NSArray+MASShorthandAdditions.h */ = {isa = PBXFileReference; fileEncoding = 4; lastKnownFileType = sourcecode.c.h; path = "NSArray+MASShorthandAdditions.h"; sourceTree = "<group>"; };
		7790F2461DFD01DA00181E49 /* NSLayoutConstraint+MASDebugAdditions.h */ = {isa = PBXFileReference; fileEncoding = 4; lastKnownFileType = sourcecode.c.h; path = "NSLayoutConstraint+MASDebugAdditions.h"; sourceTree = "<group>"; };
		7790F2471DFD01DA00181E49 /* NSLayoutConstraint+MASDebugAdditions.m */ = {isa = PBXFileReference; fileEncoding = 4; lastKnownFileType = sourcecode.c.objc; path = "NSLayoutConstraint+MASDebugAdditions.m"; sourceTree = "<group>"; };
		7790F2481DFD01DA00181E49 /* View+MASAdditions.h */ = {isa = PBXFileReference; fileEncoding = 4; lastKnownFileType = sourcecode.c.h; path = "View+MASAdditions.h"; sourceTree = "<group>"; };
		7790F2491DFD01DA00181E49 /* View+MASAdditions.m */ = {isa = PBXFileReference; fileEncoding = 4; lastKnownFileType = sourcecode.c.objc; path = "View+MASAdditions.m"; sourceTree = "<group>"; };
		7790F24A1DFD01DA00181E49 /* View+MASShorthandAdditions.h */ = {isa = PBXFileReference; fileEncoding = 4; lastKnownFileType = sourcecode.c.h; path = "View+MASShorthandAdditions.h"; sourceTree = "<group>"; };
		7790F24B1DFD01DA00181E49 /* ViewController+MASAdditions.h */ = {isa = PBXFileReference; fileEncoding = 4; lastKnownFileType = sourcecode.c.h; path = "ViewController+MASAdditions.h"; sourceTree = "<group>"; };
		7790F24C1DFD01DA00181E49 /* ViewController+MASAdditions.m */ = {isa = PBXFileReference; fileEncoding = 4; lastKnownFileType = sourcecode.c.objc; path = "ViewController+MASAdditions.m"; sourceTree = "<group>"; };
		7790F2701DFD01DA00181E49 /* SVIndefiniteAnimatedView.h */ = {isa = PBXFileReference; fileEncoding = 4; lastKnownFileType = sourcecode.c.h; path = SVIndefiniteAnimatedView.h; sourceTree = "<group>"; };
		7790F2711DFD01DA00181E49 /* SVIndefiniteAnimatedView.m */ = {isa = PBXFileReference; fileEncoding = 4; lastKnownFileType = sourcecode.c.objc; path = SVIndefiniteAnimatedView.m; sourceTree = "<group>"; };
		7790F2721DFD01DA00181E49 /* SVProgressAnimatedView.h */ = {isa = PBXFileReference; fileEncoding = 4; lastKnownFileType = sourcecode.c.h; path = SVProgressAnimatedView.h; sourceTree = "<group>"; };
		7790F2731DFD01DA00181E49 /* SVProgressAnimatedView.m */ = {isa = PBXFileReference; fileEncoding = 4; lastKnownFileType = sourcecode.c.objc; path = SVProgressAnimatedView.m; sourceTree = "<group>"; };
		7790F2741DFD01DA00181E49 /* SVProgressHUD-Prefix.pch */ = {isa = PBXFileReference; fileEncoding = 4; lastKnownFileType = sourcecode.c.h; path = "SVProgressHUD-Prefix.pch"; sourceTree = "<group>"; };
		7790F2751DFD01DA00181E49 /* SVProgressHUD.bundle */ = {isa = PBXFileReference; lastKnownFileType = "wrapper.plug-in"; path = SVProgressHUD.bundle; sourceTree = "<group>"; };
		7790F2761DFD01DA00181E49 /* SVProgressHUD.h */ = {isa = PBXFileReference; fileEncoding = 4; lastKnownFileType = sourcecode.c.h; path = SVProgressHUD.h; sourceTree = "<group>"; };
		7790F2771DFD01DA00181E49 /* SVProgressHUD.m */ = {isa = PBXFileReference; fileEncoding = 4; lastKnownFileType = sourcecode.c.objc; path = SVProgressHUD.m; sourceTree = "<group>"; };
		7790F2781DFD01DA00181E49 /* SVRadialGradientLayer.h */ = {isa = PBXFileReference; fileEncoding = 4; lastKnownFileType = sourcecode.c.h; path = SVRadialGradientLayer.h; sourceTree = "<group>"; };
		7790F2791DFD01DA00181E49 /* SVRadialGradientLayer.m */ = {isa = PBXFileReference; fileEncoding = 4; lastKnownFileType = sourcecode.c.objc; path = SVRadialGradientLayer.m; sourceTree = "<group>"; };
		7793CC6F1E057F9500A4BAE5 /* FCUserInfo.h */ = {isa = PBXFileReference; fileEncoding = 4; lastKnownFileType = sourcecode.c.h; path = FCUserInfo.h; sourceTree = "<group>"; };
		7793CC701E057F9500A4BAE5 /* FCUserInfo.m */ = {isa = PBXFileReference; fileEncoding = 4; lastKnownFileType = sourcecode.c.objc; path = FCUserInfo.m; sourceTree = "<group>"; };
		7793CC721E05818100A4BAE5 /* UILabel+extension.h */ = {isa = PBXFileReference; fileEncoding = 4; lastKnownFileType = sourcecode.c.h; path = "UILabel+extension.h"; sourceTree = "<group>"; };
		7793CC731E05818100A4BAE5 /* UILabel+extension.m */ = {isa = PBXFileReference; fileEncoding = 4; lastKnownFileType = sourcecode.c.objc; path = "UILabel+extension.m"; sourceTree = "<group>"; };
		7793CC751E06147800A4BAE5 /* FCUserInfoView.h */ = {isa = PBXFileReference; fileEncoding = 4; lastKnownFileType = sourcecode.c.h; path = FCUserInfoView.h; sourceTree = "<group>"; };
		7793CC761E06147800A4BAE5 /* FCUserInfoView.m */ = {isa = PBXFileReference; fileEncoding = 4; lastKnownFileType = sourcecode.c.objc; path = FCUserInfoView.m; sourceTree = "<group>"; };
		7793CC781E061B4F00A4BAE5 /* FCCatagarySettingCell.h */ = {isa = PBXFileReference; fileEncoding = 4; lastKnownFileType = sourcecode.c.h; path = FCCatagarySettingCell.h; sourceTree = "<group>"; };
		7793CC791E061B4F00A4BAE5 /* FCCatagarySettingCell.m */ = {isa = PBXFileReference; fileEncoding = 4; lastKnownFileType = sourcecode.c.objc; path = FCCatagarySettingCell.m; sourceTree = "<group>"; };
		7793CC7B1E061C5F00A4BAE5 /* FCCatagarySettingItem.h */ = {isa = PBXFileReference; fileEncoding = 4; lastKnownFileType = sourcecode.c.h; path = FCCatagarySettingItem.h; sourceTree = "<group>"; };
		7793CC7C1E061C5F00A4BAE5 /* FCCatagarySettingItem.m */ = {isa = PBXFileReference; fileEncoding = 4; lastKnownFileType = sourcecode.c.objc; path = FCCatagarySettingItem.m; sourceTree = "<group>"; };
		7793CC821E06318D00A4BAE5 /* FCCatagarySetting.plist */ = {isa = PBXFileReference; fileEncoding = 4; lastKnownFileType = text.plist.xml; path = FCCatagarySetting.plist; sourceTree = "<group>"; };
		7793CC841E0641B000A4BAE5 /* FCLoginViewCtr.h */ = {isa = PBXFileReference; fileEncoding = 4; lastKnownFileType = sourcecode.c.h; path = FCLoginViewCtr.h; sourceTree = "<group>"; };
		7793CC851E0641B000A4BAE5 /* FCLoginViewCtr.m */ = {isa = PBXFileReference; fileEncoding = 4; lastKnownFileType = sourcecode.c.objc; path = FCLoginViewCtr.m; sourceTree = "<group>"; };
		7795EC191E094F39007A7384 /* UIButton+extension.h */ = {isa = PBXFileReference; fileEncoding = 4; lastKnownFileType = sourcecode.c.h; path = "UIButton+extension.h"; sourceTree = "<group>"; };
		7795EC1A1E094F39007A7384 /* UIButton+extension.m */ = {isa = PBXFileReference; fileEncoding = 4; lastKnownFileType = sourcecode.c.objc; path = "UIButton+extension.m"; sourceTree = "<group>"; };
		7795EC1C1E094FDC007A7384 /* FCLoginInputBtn.h */ = {isa = PBXFileReference; fileEncoding = 4; lastKnownFileType = sourcecode.c.h; path = FCLoginInputBtn.h; sourceTree = "<group>"; };
		7795EC1D1E094FDC007A7384 /* FCLoginInputBtn.m */ = {isa = PBXFileReference; fileEncoding = 4; lastKnownFileType = sourcecode.c.objc; path = FCLoginInputBtn.m; sourceTree = "<group>"; };
		7795EC1F1E09583B007A7384 /* FCRightImgBtn.h */ = {isa = PBXFileReference; fileEncoding = 4; lastKnownFileType = sourcecode.c.h; path = FCRightImgBtn.h; sourceTree = "<group>"; };
		7795EC201E09583B007A7384 /* FCRightImgBtn.m */ = {isa = PBXFileReference; fileEncoding = 4; lastKnownFileType = sourcecode.c.objc; path = FCRightImgBtn.m; sourceTree = "<group>"; };
		7795EC221E096B33007A7384 /* FireCatLive.entitlements */ = {isa = PBXFileReference; lastKnownFileType = text.plist.entitlements; path = FireCatLive.entitlements; sourceTree = "<group>"; };
		7795EC4C1E0A6EFE007A7384 /* FCMineUserDetailCtr.h */ = {isa = PBXFileReference; fileEncoding = 4; lastKnownFileType = sourcecode.c.h; path = FCMineUserDetailCtr.h; sourceTree = "<group>"; };
		7795EC4D1E0A6EFE007A7384 /* FCMineUserDetailCtr.m */ = {isa = PBXFileReference; fileEncoding = 4; lastKnownFileType = sourcecode.c.objc; path = FCMineUserDetailCtr.m; sourceTree = "<group>"; };
		77AEF86E1E1138F40095FD76 /* FCCycleScrollCell.h */ = {isa = PBXFileReference; fileEncoding = 4; lastKnownFileType = sourcecode.c.h; path = FCCycleScrollCell.h; sourceTree = "<group>"; };
		77AEF86F1E1138F40095FD76 /* FCCycleScrollCell.m */ = {isa = PBXFileReference; fileEncoding = 4; lastKnownFileType = sourcecode.c.objc; path = FCCycleScrollCell.m; sourceTree = "<group>"; };
		77AEF8711E1149940095FD76 /* FCHotLiveRecommendCell.h */ = {isa = PBXFileReference; fileEncoding = 4; lastKnownFileType = sourcecode.c.h; path = FCHotLiveRecommendCell.h; sourceTree = "<group>"; };
		77AEF8721E1149940095FD76 /* FCHotLiveRecommendCell.m */ = {isa = PBXFileReference; fileEncoding = 4; lastKnownFileType = sourcecode.c.objc; path = FCHotLiveRecommendCell.m; sourceTree = "<group>"; };
		77AEF8741E114ADD0095FD76 /* FCHotLiveColletionLayOut.h */ = {isa = PBXFileReference; fileEncoding = 4; lastKnownFileType = sourcecode.c.h; path = FCHotLiveColletionLayOut.h; sourceTree = "<group>"; };
		77AEF8751E114ADD0095FD76 /* FCHotLiveColletionLayOut.m */ = {isa = PBXFileReference; fileEncoding = 4; lastKnownFileType = sourcecode.c.objc; path = FCHotLiveColletionLayOut.m; sourceTree = "<group>"; };
		77C899FD1DFC170100A80625 /* PrefixHeader.pch */ = {isa = PBXFileReference; lastKnownFileType = sourcecode.c.h; path = PrefixHeader.pch; sourceTree = "<group>"; };
		77C899FE1DFC1A7B00A80625 /* PrequentlyUsedExtension.h */ = {isa = PBXFileReference; lastKnownFileType = sourcecode.c.h; path = PrequentlyUsedExtension.h; sourceTree = SOURCE_ROOT; };
		77C899FF1DFC1AA000A80625 /* UIView+extension.h */ = {isa = PBXFileReference; fileEncoding = 4; lastKnownFileType = sourcecode.c.h; path = "UIView+extension.h"; sourceTree = "<group>"; };
		77C89A001DFC1AA000A80625 /* UIView+extension.m */ = {isa = PBXFileReference; fileEncoding = 4; lastKnownFileType = sourcecode.c.objc; path = "UIView+extension.m"; sourceTree = "<group>"; };
		77C89A021DFC1D0F00A80625 /* FCRootTabBarCtr.h */ = {isa = PBXFileReference; fileEncoding = 4; lastKnownFileType = sourcecode.c.h; path = FCRootTabBarCtr.h; sourceTree = "<group>"; };
		77C89A031DFC1D0F00A80625 /* FCRootTabBarCtr.m */ = {isa = PBXFileReference; fileEncoding = 4; lastKnownFileType = sourcecode.c.objc; path = FCRootTabBarCtr.m; sourceTree = "<group>"; };
		77C89A051DFC1EA500A80625 /* FCBaseViewController.h */ = {isa = PBXFileReference; fileEncoding = 4; lastKnownFileType = sourcecode.c.h; path = FCBaseViewController.h; sourceTree = "<group>"; };
		77C89A061DFC1EA500A80625 /* FCBaseViewController.m */ = {isa = PBXFileReference; fileEncoding = 4; lastKnownFileType = sourcecode.c.objc; path = FCBaseViewController.m; sourceTree = "<group>"; };
		77D507111DFCDBBE0012044D /* FCBaseNavigationController.h */ = {isa = PBXFileReference; fileEncoding = 4; lastKnownFileType = sourcecode.c.h; path = FCBaseNavigationController.h; sourceTree = "<group>"; };
		77D507121DFCDBBE0012044D /* FCBaseNavigationController.m */ = {isa = PBXFileReference; fileEncoding = 4; lastKnownFileType = sourcecode.c.objc; path = FCBaseNavigationController.m; sourceTree = "<group>"; };
		77D507141DFCDC210012044D /* FCHomePageViewCtr.h */ = {isa = PBXFileReference; fileEncoding = 4; lastKnownFileType = sourcecode.c.h; path = FCHomePageViewCtr.h; sourceTree = "<group>"; };
		77D507151DFCDC210012044D /* FCHomePageViewCtr.m */ = {isa = PBXFileReference; fileEncoding = 4; lastKnownFileType = sourcecode.c.objc; path = FCHomePageViewCtr.m; sourceTree = "<group>"; };
		77D507171DFCDC4F0012044D /* FCLivePageViewCtr.h */ = {isa = PBXFileReference; fileEncoding = 4; lastKnownFileType = sourcecode.c.h; path = FCLivePageViewCtr.h; sourceTree = "<group>"; };
		77D507181DFCDC4F0012044D /* FCLivePageViewCtr.m */ = {isa = PBXFileReference; fileEncoding = 4; lastKnownFileType = sourcecode.c.objc; path = FCLivePageViewCtr.m; sourceTree = "<group>"; };
		77D5071A1DFCDCA70012044D /* FCCatagryPageViewCtr.h */ = {isa = PBXFileReference; fileEncoding = 4; lastKnownFileType = sourcecode.c.h; path = FCCatagryPageViewCtr.h; sourceTree = "<group>"; };
		77D5071B1DFCDCA70012044D /* FCCatagryPageViewCtr.m */ = {isa = PBXFileReference; fileEncoding = 4; lastKnownFileType = sourcecode.c.objc; path = FCCatagryPageViewCtr.m; sourceTree = "<group>"; };
		8899EE5BBC9052FC662DE9BD /* Pods-FireCatLive.release.xcconfig */ = {isa = PBXFileReference; includeInIndex = 1; lastKnownFileType = text.xcconfig; name = "Pods-FireCatLive.release.xcconfig"; path = "Pods/Target Support Files/Pods-FireCatLive/Pods-FireCatLive.release.xcconfig"; sourceTree = "<group>"; };
		CE6CF87B11EDF4949EAD9BDE /* Pods-FireCatLive.debug.xcconfig */ = {isa = PBXFileReference; includeInIndex = 1; lastKnownFileType = text.xcconfig; name = "Pods-FireCatLive.debug.xcconfig"; path = "Pods/Target Support Files/Pods-FireCatLive/Pods-FireCatLive.debug.xcconfig"; sourceTree = "<group>"; };
/* End PBXFileReference section */

/* Begin PBXFrameworksBuildPhase section */
		7753501A1DFC12C500B27B79 /* Frameworks */ = {
			isa = PBXFrameworksBuildPhase;
			buildActionMask = 2147483647;
			files = (
				FD9C61092E01A4206436C44D /* libPods-FireCatLive.a in Frameworks */,
			);
			runOnlyForDeploymentPostprocessing = 0;
		};
/* End PBXFrameworksBuildPhase section */

/* Begin PBXGroup section */
		0BAA63A0B96546167B47CC5A /* Frameworks */ = {
			isa = PBXGroup;
			children = (
				707EE01A7506FAC6B24A75C9 /* libPods-FireCatLive.a */,
			);
			name = Frameworks;
			sourceTree = "<group>";
		};
		771AB1E81E094AA100AAC4D1 /* SSKeychain */ = {
			isa = PBXGroup;
			children = (
				771AB1E91E094AA100AAC4D1 /* SSKeychain.strings */,
				771AB1EB1E094AA100AAC4D1 /* SSKeychain.h */,
				771AB1EC1E094AA100AAC4D1 /* SSKeychain.m */,
				771AB1ED1E094AA100AAC4D1 /* SSKeychainQuery.h */,
				771AB1EE1E094AA100AAC4D1 /* SSKeychainQuery.m */,
			);
			path = SSKeychain;
			sourceTree = "<group>";
		};
		77501DB91DFD386500E48E73 /* FCSetting */ = {
			isa = PBXGroup;
			children = (
				77501DBA1DFD389700E48E73 /* FCSettingViewCtr.h */,
				77501DBB1DFD389700E48E73 /* FCSettingViewCtr.m */,
			);
			path = FCSetting;
			sourceTree = "<group>";
		};
		775350141DFC12C500B27B79 = {
			isa = PBXGroup;
			children = (
				7753501F1DFC12C500B27B79 /* FireCatLive */,
				7753501E1DFC12C500B27B79 /* Products */,
				CEB46B3FFD8B91FA9E8A6FAC /* Pods */,
				0BAA63A0B96546167B47CC5A /* Frameworks */,
			);
			sourceTree = "<group>";
		};
		7753501E1DFC12C500B27B79 /* Products */ = {
			isa = PBXGroup;
			children = (
				7753501D1DFC12C500B27B79 /* FireCatLive.app */,
			);
			name = Products;
			sourceTree = "<group>";
		};
		7753501F1DFC12C500B27B79 /* FireCatLive */ = {
			isa = PBXGroup;
			children = (
				7795EC221E096B33007A7384 /* FireCatLive.entitlements */,
				776A76191E069EDC00C5C7AB /* Tool */,
				7753505C1DFC14C900B27B79 /* Lib */,
				7753505E1DFC14E000B27B79 /* Others */,
				7753505D1DFC14D000B27B79 /* Resourece */,
				7753505B1DFC14C200B27B79 /* Extension */,
				775350371DFC14BB00B27B79 /* Classes */,
				775350201DFC12C500B27B79 /* Supporting Files */,
			);
			path = FireCatLive;
			sourceTree = "<group>";
		};
		775350201DFC12C500B27B79 /* Supporting Files */ = {
			isa = PBXGroup;
			children = (
				775350311DFC12C500B27B79 /* Info.plist */,
				7753502C1DFC12C500B27B79 /* Assets.xcassets */,
				7753502E1DFC12C500B27B79 /* LaunchScreen.storyboard */,
				775350211DFC12C500B27B79 /* main.m */,
			);
			name = "Supporting Files";
			sourceTree = "<group>";
		};
		775350371DFC14BB00B27B79 /* Classes */ = {
			isa = PBXGroup;
			children = (
				775350381DFC14BB00B27B79 /* Base */,
				7753504C1DFC14BB00B27B79 /* LoginAndRegister */,
				775350511DFC14BB00B27B79 /* Main */,
				775350421DFC14BB00B27B79 /* HomePage */,
				775350471DFC14BB00B27B79 /* LivePage */,
				7753503D1DFC14BB00B27B79 /* CatagaryPage */,
				775350561DFC14BB00B27B79 /* MinePage */,
			);
			path = Classes;
			sourceTree = "<group>";
		};
		775350381DFC14BB00B27B79 /* Base */ = {
			isa = PBXGroup;
			children = (
				775350391DFC14BB00B27B79 /* Controllers */,
				7753503A1DFC14BB00B27B79 /* Models */,
				7753503B1DFC14BB00B27B79 /* Others */,
				7753503C1DFC14BB00B27B79 /* Views */,
			);
			path = Base;
			sourceTree = "<group>";
		};
		775350391DFC14BB00B27B79 /* Controllers */ = {
			isa = PBXGroup;
			children = (
				77D507111DFCDBBE0012044D /* FCBaseNavigationController.h */,
				77D507121DFCDBBE0012044D /* FCBaseNavigationController.m */,
				77C89A051DFC1EA500A80625 /* FCBaseViewController.h */,
				77C89A061DFC1EA500A80625 /* FCBaseViewController.m */,
			);
			path = Controllers;
			sourceTree = "<group>";
		};
		7753503A1DFC14BB00B27B79 /* Models */ = {
			isa = PBXGroup;
			children = (
				7759ED291E11F99000CCB3D7 /* FCBaseModel.h */,
				7759ED2A1E11F99000CCB3D7 /* FCBaseModel.m */,
			);
			path = Models;
			sourceTree = "<group>";
		};
		7753503B1DFC14BB00B27B79 /* Others */ = {
			isa = PBXGroup;
			children = (
			);
			path = Others;
			sourceTree = "<group>";
		};
		7753503C1DFC14BB00B27B79 /* Views */ = {
			isa = PBXGroup;
			children = (
			);
			path = Views;
			sourceTree = "<group>";
		};
		7753503D1DFC14BB00B27B79 /* CatagaryPage */ = {
			isa = PBXGroup;
			children = (
				7753503E1DFC14BB00B27B79 /* Controllers */,
				7753503F1DFC14BB00B27B79 /* Models */,
				775350401DFC14BB00B27B79 /* Others */,
				775350411DFC14BB00B27B79 /* Views */,
			);
			path = CatagaryPage;
			sourceTree = "<group>";
		};
		7753503E1DFC14BB00B27B79 /* Controllers */ = {
			isa = PBXGroup;
			children = (
				77D5071A1DFCDCA70012044D /* FCCatagryPageViewCtr.h */,
				77D5071B1DFCDCA70012044D /* FCCatagryPageViewCtr.m */,
			);
			path = Controllers;
			sourceTree = "<group>";
		};
		7753503F1DFC14BB00B27B79 /* Models */ = {
			isa = PBXGroup;
			children = (
			);
			path = Models;
			sourceTree = "<group>";
		};
		775350401DFC14BB00B27B79 /* Others */ = {
			isa = PBXGroup;
			children = (
			);
			path = Others;
			sourceTree = "<group>";
		};
		775350411DFC14BB00B27B79 /* Views */ = {
			isa = PBXGroup;
			children = (
				775AA1EC1E080C6100B6D204 /* FCCatagaryCollectionFlowLayOut.h */,
				775AA1ED1E080C6100B6D204 /* FCCatagaryCollectionFlowLayOut.m */,
				775AA1EF1E080F8800B6D204 /* FCCatagaryCollectionCell.h */,
				775AA1F01E080F8800B6D204 /* FCCatagaryCollectionCell.m */,
				775AA1F21E080FC200B6D204 /* FCCatagaryCollectionCell.xib */,
			);
			path = Views;
			sourceTree = "<group>";
		};
		775350421DFC14BB00B27B79 /* HomePage */ = {
			isa = PBXGroup;
			children = (
				777D51A51E065A840022E676 /* DetailChannelPage */,
				777D51A41E065A400022E676 /* RecommendPage */,
				775350431DFC14BB00B27B79 /* Controllers */,
				775350441DFC14BB00B27B79 /* Models */,
				775350451DFC14BB00B27B79 /* Others */,
				775350461DFC14BB00B27B79 /* Views */,
			);
			path = HomePage;
			sourceTree = "<group>";
		};
		775350431DFC14BB00B27B79 /* Controllers */ = {
			isa = PBXGroup;
			children = (
				77D507141DFCDC210012044D /* FCHomePageViewCtr.h */,
				77D507151DFCDC210012044D /* FCHomePageViewCtr.m */,
			);
			path = Controllers;
			sourceTree = "<group>";
		};
		775350441DFC14BB00B27B79 /* Models */ = {
			isa = PBXGroup;
			children = (
			);
			path = Models;
			sourceTree = "<group>";
		};
		775350451DFC14BB00B27B79 /* Others */ = {
			isa = PBXGroup;
			children = (
			);
			path = Others;
			sourceTree = "<group>";
		};
		775350461DFC14BB00B27B79 /* Views */ = {
			isa = PBXGroup;
			children = (
				776A75FA1E065D1900C5C7AB /* FCRecommendChannelsView.h */,
				776A75FB1E065D1900C5C7AB /* FCRecommendChannelsView.m */,
				776A75FD1E0663E500C5C7AB /* FCRecommendChannelsView.xib */,
				776A75FF1E0666E900C5C7AB /* FCChannelLable.h */,
				776A76001E0666E900C5C7AB /* FCChannelLable.m */,
				772837E51E06C5E600A4E0B4 /* FCRecommendHeader.xib */,
				772837F81E07C95B00A4E0B4 /* FCReusableHeaderView.h */,
				772837F91E07C95B00A4E0B4 /* FCReusableHeaderView.m */,
				77885F671E13535F0049E8FA /* FCContentCollectionLayOut.h */,
				77885F681E13535F0049E8FA /* FCContentCollectionLayOut.m */,
				77885F6D1E135D3A0049E8FA /* FCContentCollectionCell.h */,
				77885F6E1E135D3A0049E8FA /* FCContentCollectionCell.m */,
			);
			path = Views;
			sourceTree = "<group>";
		};
		775350471DFC14BB00B27B79 /* LivePage */ = {
			isa = PBXGroup;
			children = (
				775350481DFC14BB00B27B79 /* Controllers */,
				775350491DFC14BB00B27B79 /* Models */,
				7753504A1DFC14BB00B27B79 /* Others */,
				7753504B1DFC14BB00B27B79 /* Views */,
			);
			path = LivePage;
			sourceTree = "<group>";
		};
		775350481DFC14BB00B27B79 /* Controllers */ = {
			isa = PBXGroup;
			children = (
				77D507171DFCDC4F0012044D /* FCLivePageViewCtr.h */,
				77D507181DFCDC4F0012044D /* FCLivePageViewCtr.m */,
			);
			path = Controllers;
			sourceTree = "<group>";
		};
		775350491DFC14BB00B27B79 /* Models */ = {
			isa = PBXGroup;
			children = (
			);
			path = Models;
			sourceTree = "<group>";
		};
		7753504A1DFC14BB00B27B79 /* Others */ = {
			isa = PBXGroup;
			children = (
			);
			path = Others;
			sourceTree = "<group>";
		};
		7753504B1DFC14BB00B27B79 /* Views */ = {
			isa = PBXGroup;
			children = (
			);
			path = Views;
			sourceTree = "<group>";
		};
		7753504C1DFC14BB00B27B79 /* LoginAndRegister */ = {
			isa = PBXGroup;
			children = (
				7753504D1DFC14BB00B27B79 /* Controllers */,
				7753504E1DFC14BB00B27B79 /* Models */,
				7753504F1DFC14BB00B27B79 /* Others */,
				775350501DFC14BB00B27B79 /* Views */,
			);
			path = LoginAndRegister;
			sourceTree = "<group>";
		};
		7753504D1DFC14BB00B27B79 /* Controllers */ = {
			isa = PBXGroup;
			children = (
				7793CC841E0641B000A4BAE5 /* FCLoginViewCtr.h */,
				7793CC851E0641B000A4BAE5 /* FCLoginViewCtr.m */,
			);
			path = Controllers;
			sourceTree = "<group>";
		};
		7753504E1DFC14BB00B27B79 /* Models */ = {
			isa = PBXGroup;
			children = (
			);
			path = Models;
			sourceTree = "<group>";
		};
		7753504F1DFC14BB00B27B79 /* Others */ = {
			isa = PBXGroup;
			children = (
			);
			path = Others;
			sourceTree = "<group>";
		};
		775350501DFC14BB00B27B79 /* Views */ = {
			isa = PBXGroup;
			children = (
				7795EC1C1E094FDC007A7384 /* FCLoginInputBtn.h */,
				7795EC1D1E094FDC007A7384 /* FCLoginInputBtn.m */,
				7795EC1F1E09583B007A7384 /* FCRightImgBtn.h */,
				7795EC201E09583B007A7384 /* FCRightImgBtn.m */,
			);
			path = Views;
			sourceTree = "<group>";
		};
		775350511DFC14BB00B27B79 /* Main */ = {
			isa = PBXGroup;
			children = (
				775350521DFC14BB00B27B79 /* Controllers */,
				775350531DFC14BB00B27B79 /* Models */,
				775350541DFC14BB00B27B79 /* Others */,
				775350551DFC14BB00B27B79 /* Views */,
			);
			path = Main;
			sourceTree = "<group>";
		};
		775350521DFC14BB00B27B79 /* Controllers */ = {
			isa = PBXGroup;
			children = (
				77C89A021DFC1D0F00A80625 /* FCRootTabBarCtr.h */,
				77C89A031DFC1D0F00A80625 /* FCRootTabBarCtr.m */,
			);
			path = Controllers;
			sourceTree = "<group>";
		};
		775350531DFC14BB00B27B79 /* Models */ = {
			isa = PBXGroup;
			children = (
			);
			path = Models;
			sourceTree = "<group>";
		};
		775350541DFC14BB00B27B79 /* Others */ = {
			isa = PBXGroup;
			children = (
			);
			path = Others;
			sourceTree = "<group>";
		};
		775350551DFC14BB00B27B79 /* Views */ = {
			isa = PBXGroup;
			children = (
				7790F0291DFCF0C000181E49 /* FCCoustomTabBar.h */,
				7790F02A1DFCF0C000181E49 /* FCCoustomTabBar.m */,
			);
			path = Views;
			sourceTree = "<group>";
		};
		775350561DFC14BB00B27B79 /* MinePage */ = {
			isa = PBXGroup;
			children = (
				77501DB91DFD386500E48E73 /* FCSetting */,
				775350571DFC14BB00B27B79 /* Controllers */,
				775350581DFC14BB00B27B79 /* Models */,
				775350591DFC14BB00B27B79 /* Others */,
				7753505A1DFC14BB00B27B79 /* Views */,
			);
			path = MinePage;
			sourceTree = "<group>";
		};
		775350571DFC14BB00B27B79 /* Controllers */ = {
			isa = PBXGroup;
			children = (
				7790F0261DFCED3000181E49 /* FCMinePageViewCtr.h */,
				7790F0271DFCED3000181E49 /* FCMinePageViewCtr.m */,
				7795EC4C1E0A6EFE007A7384 /* FCMineUserDetailCtr.h */,
				7795EC4D1E0A6EFE007A7384 /* FCMineUserDetailCtr.m */,
			);
			path = Controllers;
			sourceTree = "<group>";
		};
		775350581DFC14BB00B27B79 /* Models */ = {
			isa = PBXGroup;
			children = (
				77696FC11DFD883A002C62BA /* FCSettingModel.h */,
				77696FC21DFD883A002C62BA /* FCSettingModel.m */,
				77696FC41DFD8A8D002C62BA /* FCSetting.plist */,
				7793CC821E06318D00A4BAE5 /* FCCatagarySetting.plist */,
				7793CC6F1E057F9500A4BAE5 /* FCUserInfo.h */,
				7793CC701E057F9500A4BAE5 /* FCUserInfo.m */,
			);
			path = Models;
			sourceTree = "<group>";
		};
		775350591DFC14BB00B27B79 /* Others */ = {
			isa = PBXGroup;
			children = (
			);
			path = Others;
			sourceTree = "<group>";
		};
		7753505A1DFC14BB00B27B79 /* Views */ = {
			isa = PBXGroup;
			children = (
				77696FBE1DFD859D002C62BA /* FCSetingTabCell.h */,
				77696FBF1DFD859D002C62BA /* FCSetingTabCell.m */,
				7793CC751E06147800A4BAE5 /* FCUserInfoView.h */,
				7793CC761E06147800A4BAE5 /* FCUserInfoView.m */,
				7793CC781E061B4F00A4BAE5 /* FCCatagarySettingCell.h */,
				7793CC791E061B4F00A4BAE5 /* FCCatagarySettingCell.m */,
				7793CC7B1E061C5F00A4BAE5 /* FCCatagarySettingItem.h */,
				7793CC7C1E061C5F00A4BAE5 /* FCCatagarySettingItem.m */,
			);
			path = Views;
			sourceTree = "<group>";
		};
		7753505B1DFC14C200B27B79 /* Extension */ = {
			isa = PBXGroup;
			children = (
				77C899FE1DFC1A7B00A80625 /* PrequentlyUsedExtension.h */,
				77C899FF1DFC1AA000A80625 /* UIView+extension.h */,
				77C89A001DFC1AA000A80625 /* UIView+extension.m */,
				7793CC721E05818100A4BAE5 /* UILabel+extension.h */,
				7793CC731E05818100A4BAE5 /* UILabel+extension.m */,
				771AB1F21E094ABA00AAC4D1 /* NSString+Hash.h */,
				771AB1F31E094ABA00AAC4D1 /* NSString+Hash.m */,
				7795EC191E094F39007A7384 /* UIButton+extension.h */,
				7795EC1A1E094F39007A7384 /* UIButton+extension.m */,
			);
			path = Extension;
			sourceTree = "<group>";
		};
		7753505C1DFC14C900B27B79 /* Lib */ = {
			isa = PBXGroup;
			children = (
				771AB1E81E094AA100AAC4D1 /* SSKeychain */,
				776A76051E069EC300C5C7AB /* AFNetworking */,
				7790F2321DFD01DA00181E49 /* Masonry */,
				7790F26F1DFD01DA00181E49 /* SVProgressHUD */,
			);
			path = Lib;
			sourceTree = "<group>";
		};
		7753505D1DFC14D000B27B79 /* Resourece */ = {
			isa = PBXGroup;
			children = (
			);
			path = Resourece;
			sourceTree = "<group>";
		};
		7753505E1DFC14E000B27B79 /* Others */ = {
			isa = PBXGroup;
			children = (
				775350231DFC12C500B27B79 /* AppDelegate.h */,
				775350241DFC12C500B27B79 /* AppDelegate.m */,
				77C899FD1DFC170100A80625 /* PrefixHeader.pch */,
			);
			path = Others;
			sourceTree = "<group>";
		};
		776A75F41E065CDC00C5C7AB /* Controllers */ = {
			isa = PBXGroup;
			children = (
				776A76021E069DF500C5C7AB /* FCReconmmendCtr.h */,
				776A76031E069DF500C5C7AB /* FCReconmmendCtr.m */,
			);
			path = Controllers;
			sourceTree = "<group>";
		};
		776A75F51E065CDC00C5C7AB /* Models */ = {
			isa = PBXGroup;
			children = (
				772837EA1E07939400A4E0B4 /* FCChannelModel.h */,
				772837EB1E07939400A4E0B4 /* FCChannelModel.m */,
				772837ED1E0793FD00A4E0B4 /* FCChannelDataModel.h */,
				772837EE1E0793FD00A4E0B4 /* FCChannelDataModel.m */,
				775AA1E91E07DEB500B6D204 /* FCRecommendChannelInfo.h */,
				775AA1EA1E07DEB500B6D204 /* FCRecommendChannelInfo.m */,
				775AA1F71E08BC2300B6D204 /* FCHotLiveBanners.h */,
				775AA1F81E08BC2300B6D204 /* FCHotLiveBanners.m */,
				775AA1FA1E08BEA000B6D204 /* FCRecommendCycleBanner.h */,
				775AA1FB1E08BEA000B6D204 /* FCRecommendCycleBanner.m */,
			);
			path = Models;
			sourceTree = "<group>";
		};
		776A75F61E065CDC00C5C7AB /* Views */ = {
			isa = PBXGroup;
			children = (
				772837F01E07AC8200A4E0B4 /* FCChannelCell.h */,
				772837F11E07AC8200A4E0B4 /* FCChannelCell.m */,
				772837F31E07ACE300A4E0B4 /* FCChannelCell.xib */,
				772837F51E07B61200A4E0B4 /* FCBaseCollectionCell.h */,
				772837F61E07B61200A4E0B4 /* FCBaseCollectionCell.m */,
				77AEF8711E1149940095FD76 /* FCHotLiveRecommendCell.h */,
				77AEF8721E1149940095FD76 /* FCHotLiveRecommendCell.m */,
				77AEF8741E114ADD0095FD76 /* FCHotLiveColletionLayOut.h */,
				77AEF8751E114ADD0095FD76 /* FCHotLiveColletionLayOut.m */,
			);
			path = Views;
			sourceTree = "<group>";
		};
		776A75F71E065CE900C5C7AB /* Controllers */ = {
			isa = PBXGroup;
			children = (
				776A76201E06A0A700C5C7AB /* FCDetailChannelCtr.h */,
				776A76211E06A0A700C5C7AB /* FCDetailChannelCtr.m */,
			);
			name = Controllers;
			path = FireCatLive/Classes/HomePage/DetailChannelCtr/Controllers;
			sourceTree = SOURCE_ROOT;
		};
		776A75F81E065CE900C5C7AB /* Models */ = {
			isa = PBXGroup;
			children = (
			);
			name = Models;
			path = FireCatLive/Classes/HomePage/DetailChannelCtr/Models;
			sourceTree = SOURCE_ROOT;
		};
		776A75F91E065CE900C5C7AB /* Views */ = {
			isa = PBXGroup;
			children = (
				775AA1FD1E08E8AF00B6D204 /* FCDetailChannelFlowLayOut.h */,
				775AA1FE1E08E8AF00B6D204 /* FCDetailChannelFlowLayOut.m */,
				77AEF86E1E1138F40095FD76 /* FCCycleScrollCell.h */,
				77AEF86F1E1138F40095FD76 /* FCCycleScrollCell.m */,
			);
			name = Views;
			path = FireCatLive/Classes/HomePage/DetailChannelCtr/Views;
			sourceTree = SOURCE_ROOT;
		};
		776A76051E069EC300C5C7AB /* AFNetworking */ = {
			isa = PBXGroup;
			children = (
				776A76061E069EC300C5C7AB /* AFHTTPSessionManager.h */,
				776A76071E069EC300C5C7AB /* AFHTTPSessionManager.m */,
				776A76081E069EC300C5C7AB /* AFNetworking.h */,
				776A76091E069EC300C5C7AB /* AFNetworkReachabilityManager.h */,
				776A760A1E069EC300C5C7AB /* AFNetworkReachabilityManager.m */,
				776A760B1E069EC300C5C7AB /* AFSecurityPolicy.h */,
				776A760C1E069EC300C5C7AB /* AFSecurityPolicy.m */,
				776A760D1E069EC300C5C7AB /* AFURLRequestSerialization.h */,
				776A760E1E069EC300C5C7AB /* AFURLRequestSerialization.m */,
				776A760F1E069EC300C5C7AB /* AFURLResponseSerialization.h */,
				776A76101E069EC300C5C7AB /* AFURLResponseSerialization.m */,
				776A76111E069EC300C5C7AB /* AFURLSessionManager.h */,
				776A76121E069EC300C5C7AB /* AFURLSessionManager.m */,
			);
			path = AFNetworking;
			sourceTree = "<group>";
		};
		776A76191E069EDC00C5C7AB /* Tool */ = {
			isa = PBXGroup;
			children = (
				776A761A1E069EDC00C5C7AB /* NetWorkTool.h */,
				776A761B1E069EDC00C5C7AB /* NetWorkTool.m */,
				775AA1F41E08B57400B6D204 /* FCNetWorkDataFactory.h */,
				775AA1F51E08B57400B6D204 /* FCNetWorkDataFactory.m */,
			);
			path = Tool;
			sourceTree = "<group>";
		};
		777D51A41E065A400022E676 /* RecommendPage */ = {
			isa = PBXGroup;
			children = (
				776A75F41E065CDC00C5C7AB /* Controllers */,
				776A75F51E065CDC00C5C7AB /* Models */,
				776A75F61E065CDC00C5C7AB /* Views */,
			);
			name = RecommendPage;
			path = FCReconmmendChannelCtr;
			sourceTree = "<group>";
		};
		777D51A51E065A840022E676 /* DetailChannelPage */ = {
			isa = PBXGroup;
			children = (
				776A75F71E065CE900C5C7AB /* Controllers */,
				776A75F81E065CE900C5C7AB /* Models */,
				776A75F91E065CE900C5C7AB /* Views */,
			);
			name = DetailChannelPage;
			path = FCReconmmendChannelCtr/DetailChannelCtr;
			sourceTree = "<group>";
		};
		7790F2321DFD01DA00181E49 /* Masonry */ = {
			isa = PBXGroup;
			children = (
				7790F2341DFD01DA00181E49 /* MASCompositeConstraint.h */,
				7790F2351DFD01DA00181E49 /* MASCompositeConstraint.m */,
				7790F2361DFD01DA00181E49 /* MASConstraint+Private.h */,
				7790F2371DFD01DA00181E49 /* MASConstraint.h */,
				7790F2381DFD01DA00181E49 /* MASConstraint.m */,
				7790F2391DFD01DA00181E49 /* MASConstraintMaker.h */,
				7790F23A1DFD01DA00181E49 /* MASConstraintMaker.m */,
				7790F23B1DFD01DA00181E49 /* MASLayoutConstraint.h */,
				7790F23C1DFD01DA00181E49 /* MASLayoutConstraint.m */,
				7790F23D1DFD01DA00181E49 /* Masonry.h */,
				7790F23E1DFD01DA00181E49 /* MASUtilities.h */,
				7790F23F1DFD01DA00181E49 /* MASViewAttribute.h */,
				7790F2401DFD01DA00181E49 /* MASViewAttribute.m */,
				7790F2411DFD01DA00181E49 /* MASViewConstraint.h */,
				7790F2421DFD01DA00181E49 /* MASViewConstraint.m */,
				7790F2431DFD01DA00181E49 /* NSArray+MASAdditions.h */,
				7790F2441DFD01DA00181E49 /* NSArray+MASAdditions.m */,
				7790F2451DFD01DA00181E49 /* NSArray+MASShorthandAdditions.h */,
				7790F2461DFD01DA00181E49 /* NSLayoutConstraint+MASDebugAdditions.h */,
				7790F2471DFD01DA00181E49 /* NSLayoutConstraint+MASDebugAdditions.m */,
				7790F2481DFD01DA00181E49 /* View+MASAdditions.h */,
				7790F2491DFD01DA00181E49 /* View+MASAdditions.m */,
				7790F24A1DFD01DA00181E49 /* View+MASShorthandAdditions.h */,
				7790F24B1DFD01DA00181E49 /* ViewController+MASAdditions.h */,
				7790F24C1DFD01DA00181E49 /* ViewController+MASAdditions.m */,
			);
			path = Masonry;
			sourceTree = "<group>";
		};
		7790F26F1DFD01DA00181E49 /* SVProgressHUD */ = {
			isa = PBXGroup;
			children = (
				7790F2701DFD01DA00181E49 /* SVIndefiniteAnimatedView.h */,
				7790F2711DFD01DA00181E49 /* SVIndefiniteAnimatedView.m */,
				7790F2721DFD01DA00181E49 /* SVProgressAnimatedView.h */,
				7790F2731DFD01DA00181E49 /* SVProgressAnimatedView.m */,
				7790F2741DFD01DA00181E49 /* SVProgressHUD-Prefix.pch */,
				7790F2751DFD01DA00181E49 /* SVProgressHUD.bundle */,
				7790F2761DFD01DA00181E49 /* SVProgressHUD.h */,
				7790F2771DFD01DA00181E49 /* SVProgressHUD.m */,
				7790F2781DFD01DA00181E49 /* SVRadialGradientLayer.h */,
				7790F2791DFD01DA00181E49 /* SVRadialGradientLayer.m */,
			);
			path = SVProgressHUD;
			sourceTree = "<group>";
		};
		CEB46B3FFD8B91FA9E8A6FAC /* Pods */ = {
			isa = PBXGroup;
			children = (
				CE6CF87B11EDF4949EAD9BDE /* Pods-FireCatLive.debug.xcconfig */,
				8899EE5BBC9052FC662DE9BD /* Pods-FireCatLive.release.xcconfig */,
			);
			name = Pods;
			sourceTree = "<group>";
		};
/* End PBXGroup section */

/* Begin PBXNativeTarget section */
		7753501C1DFC12C500B27B79 /* FireCatLive */ = {
			isa = PBXNativeTarget;
			buildConfigurationList = 775350341DFC12C500B27B79 /* Build configuration list for PBXNativeTarget "FireCatLive" */;
			buildPhases = (
				60CEDCE5AF1F5D97BE5B914B /* [CP] Check Pods Manifest.lock */,
				775350191DFC12C500B27B79 /* Sources */,
				7753501A1DFC12C500B27B79 /* Frameworks */,
				7753501B1DFC12C500B27B79 /* Resources */,
				33662ABBD0FABA98CE37FF4B /* [CP] Embed Pods Frameworks */,
				1709450A583DF5C5F11EA51E /* [CP] Copy Pods Resources */,
			);
			buildRules = (
			);
			dependencies = (
			);
			name = FireCatLive;
			productName = FireCatLive;
			productReference = 7753501D1DFC12C500B27B79 /* FireCatLive.app */;
			productType = "com.apple.product-type.application";
		};
/* End PBXNativeTarget section */

/* Begin PBXProject section */
		775350151DFC12C500B27B79 /* Project object */ = {
			isa = PBXProject;
			attributes = {
				CLASSPREFIX = FC;
				LastUpgradeCheck = 0810;
				ORGANIZATIONNAME = hukun;
				TargetAttributes = {
					7753501C1DFC12C500B27B79 = {
						CreatedOnToolsVersion = 8.0;
						DevelopmentTeam = K8TMZUZB79;
						ProvisioningStyle = Automatic;
						SystemCapabilities = {
							com.apple.Keychain = {
								enabled = 1;
							};
						};
					};
				};
			};
			buildConfigurationList = 775350181DFC12C500B27B79 /* Build configuration list for PBXProject "FireCatLive" */;
			compatibilityVersion = "Xcode 3.2";
			developmentRegion = English;
			hasScannedForEncodings = 0;
			knownRegions = (
				en,
				Base,
			);
			mainGroup = 775350141DFC12C500B27B79;
			productRefGroup = 7753501E1DFC12C500B27B79 /* Products */;
			projectDirPath = "";
			projectRoot = "";
			targets = (
				7753501C1DFC12C500B27B79 /* FireCatLive */,
			);
		};
/* End PBXProject section */

/* Begin PBXResourcesBuildPhase section */
		7753501B1DFC12C500B27B79 /* Resources */ = {
			isa = PBXResourcesBuildPhase;
			buildActionMask = 2147483647;
			files = (
				771AB1EF1E094AA100AAC4D1 /* SSKeychain.strings in Resources */,
				77696FC51DFD8A8D002C62BA /* FCSetting.plist in Resources */,
				775350301DFC12C500B27B79 /* LaunchScreen.storyboard in Resources */,
				776A75FE1E0663E500C5C7AB /* FCRecommendChannelsView.xib in Resources */,
				7793CC831E06318D00A4BAE5 /* FCCatagarySetting.plist in Resources */,
				772837F41E07ACE300A4E0B4 /* FCChannelCell.xib in Resources */,
				7753502D1DFC12C500B27B79 /* Assets.xcassets in Resources */,
				7790F2971DFD01DA00181E49 /* SVProgressHUD.bundle in Resources */,
				775AA1F31E080FC200B6D204 /* FCCatagaryCollectionCell.xib in Resources */,
				772837E61E06C5E600A4E0B4 /* FCRecommendHeader.xib in Resources */,
			);
			runOnlyForDeploymentPostprocessing = 0;
		};
/* End PBXResourcesBuildPhase section */

/* Begin PBXShellScriptBuildPhase section */
		1709450A583DF5C5F11EA51E /* [CP] Copy Pods Resources */ = {
			isa = PBXShellScriptBuildPhase;
			buildActionMask = 2147483647;
			files = (
			);
			inputPaths = (
			);
			name = "[CP] Copy Pods Resources";
			outputPaths = (
			);
			runOnlyForDeploymentPostprocessing = 0;
			shellPath = /bin/sh;
			shellScript = "\"${SRCROOT}/Pods/Target Support Files/Pods-FireCatLive/Pods-FireCatLive-resources.sh\"\n";
			showEnvVarsInLog = 0;
		};
		33662ABBD0FABA98CE37FF4B /* [CP] Embed Pods Frameworks */ = {
			isa = PBXShellScriptBuildPhase;
			buildActionMask = 2147483647;
			files = (
			);
			inputPaths = (
			);
			name = "[CP] Embed Pods Frameworks";
			outputPaths = (
			);
			runOnlyForDeploymentPostprocessing = 0;
			shellPath = /bin/sh;
			shellScript = "\"${SRCROOT}/Pods/Target Support Files/Pods-FireCatLive/Pods-FireCatLive-frameworks.sh\"\n";
			showEnvVarsInLog = 0;
		};
		60CEDCE5AF1F5D97BE5B914B /* [CP] Check Pods Manifest.lock */ = {
			isa = PBXShellScriptBuildPhase;
			buildActionMask = 2147483647;
			files = (
			);
			inputPaths = (
			);
			name = "[CP] Check Pods Manifest.lock";
			outputPaths = (
			);
			runOnlyForDeploymentPostprocessing = 0;
			shellPath = /bin/sh;
			shellScript = "diff \"${PODS_ROOT}/../Podfile.lock\" \"${PODS_ROOT}/Manifest.lock\" > /dev/null\nif [ $? != 0 ] ; then\n    # print error to STDERR\n    echo \"error: The sandbox is not in sync with the Podfile.lock. Run 'pod install' or update your CocoaPods installation.\" >&2\n    exit 1\nfi\n";
			showEnvVarsInLog = 0;
		};
/* End PBXShellScriptBuildPhase section */

/* Begin PBXSourcesBuildPhase section */
		775350191DFC12C500B27B79 /* Sources */ = {
			isa = PBXSourcesBuildPhase;
			buildActionMask = 2147483647;
			files = (
				776A76221E06A0A700C5C7AB /* FCDetailChannelCtr.m in Sources */,
				7793CC711E057F9500A4BAE5 /* FCUserInfo.m in Sources */,
				77D507191DFCDC4F0012044D /* FCLivePageViewCtr.m in Sources */,
				7790F0281DFCED3000181E49 /* FCMinePageViewCtr.m in Sources */,
				7793CC7A1E061B4F00A4BAE5 /* FCCatagarySettingCell.m in Sources */,
				775350251DFC12C500B27B79 /* AppDelegate.m in Sources */,
				77D507161DFCDC210012044D /* FCHomePageViewCtr.m in Sources */,
				7790F27B1DFD01DA00181E49 /* MASCompositeConstraint.m in Sources */,
				775350221DFC12C500B27B79 /* main.m in Sources */,
				776A76041E069DF500C5C7AB /* FCReconmmendCtr.m in Sources */,
				7759ED2B1E11F99000CCB3D7 /* FCBaseModel.m in Sources */,
				776A76161E069EC300C5C7AB /* AFURLRequestSerialization.m in Sources */,
				771AB1F41E094ABA00AAC4D1 /* NSString+Hash.m in Sources */,
				776A76181E069EC300C5C7AB /* AFURLSessionManager.m in Sources */,
				772837EC1E07939400A4E0B4 /* FCChannelModel.m in Sources */,
				7790F2801DFD01DA00181E49 /* MASViewConstraint.m in Sources */,
				776A76011E0666E900C5C7AB /* FCChannelLable.m in Sources */,
				772837F71E07B61200A4E0B4 /* FCBaseCollectionCell.m in Sources */,
				77696FC31DFD883A002C62BA /* FCSettingModel.m in Sources */,
				7795EC1E1E094FDC007A7384 /* FCLoginInputBtn.m in Sources */,
				775AA1F61E08B57400B6D204 /* FCNetWorkDataFactory.m in Sources */,
				776A76131E069EC300C5C7AB /* AFHTTPSessionManager.m in Sources */,
				77885F6F1E135D3A0049E8FA /* FCContentCollectionCell.m in Sources */,
				77D5071C1DFCDCA70012044D /* FCCatagryPageViewCtr.m in Sources */,
				771AB1F01E094AA100AAC4D1 /* SSKeychain.m in Sources */,
				7790F2981DFD01DA00181E49 /* SVProgressHUD.m in Sources */,
				772837EF1E0793FD00A4E0B4 /* FCChannelDataModel.m in Sources */,
				775AA1FF1E08E8AF00B6D204 /* FCDetailChannelFlowLayOut.m in Sources */,
				7790F2831DFD01DA00181E49 /* View+MASAdditions.m in Sources */,
				7795EC1B1E094F39007A7384 /* UIButton+extension.m in Sources */,
				7793CC7D1E061C5F00A4BAE5 /* FCCatagarySettingItem.m in Sources */,
				7790F2821DFD01DA00181E49 /* NSLayoutConstraint+MASDebugAdditions.m in Sources */,
				7790F27E1DFD01DA00181E49 /* MASLayoutConstraint.m in Sources */,
				776A76151E069EC300C5C7AB /* AFSecurityPolicy.m in Sources */,
				77AEF8701E1138F40095FD76 /* FCCycleScrollCell.m in Sources */,
				77885F691E13535F0049E8FA /* FCContentCollectionLayOut.m in Sources */,
				7790F2841DFD01DA00181E49 /* ViewController+MASAdditions.m in Sources */,
				7790F2951DFD01DA00181E49 /* SVIndefiniteAnimatedView.m in Sources */,
				7790F27D1DFD01DA00181E49 /* MASConstraintMaker.m in Sources */,
				7793CC771E06147800A4BAE5 /* FCUserInfoView.m in Sources */,
				775AA1EB1E07DEB500B6D204 /* FCRecommendChannelInfo.m in Sources */,
				77501DBC1DFD389700E48E73 /* FCSettingViewCtr.m in Sources */,
				775AA1FC1E08BEA000B6D204 /* FCRecommendCycleBanner.m in Sources */,
				775AA1F11E080F8800B6D204 /* FCCatagaryCollectionCell.m in Sources */,
				77C89A041DFC1D0F00A80625 /* FCRootTabBarCtr.m in Sources */,
				77D507131DFCDBBE0012044D /* FCBaseNavigationController.m in Sources */,
				7795EC4E1E0A6EFE007A7384 /* FCMineUserDetailCtr.m in Sources */,
				772837FA1E07C95B00A4E0B4 /* FCReusableHeaderView.m in Sources */,
				771AB1F11E094AA100AAC4D1 /* SSKeychainQuery.m in Sources */,
				776A75FC1E065D1900C5C7AB /* FCRecommendChannelsView.m in Sources */,
				772837F21E07AC8200A4E0B4 /* FCChannelCell.m in Sources */,
				776A761C1E069EDC00C5C7AB /* NetWorkTool.m in Sources */,
				77C89A071DFC1EA500A80625 /* FCBaseViewController.m in Sources */,
				776A76141E069EC300C5C7AB /* AFNetworkReachabilityManager.m in Sources */,
				7790F02B1DFCF0C000181E49 /* FCCoustomTabBar.m in Sources */,
				775AA1F91E08BC2300B6D204 /* FCHotLiveBanners.m in Sources */,
				7795EC211E09583B007A7384 /* FCRightImgBtn.m in Sources */,
				77AEF8731E1149940095FD76 /* FCHotLiveRecommendCell.m in Sources */,
				7790F2961DFD01DA00181E49 /* SVProgressAnimatedView.m in Sources */,
				7790F2811DFD01DA00181E49 /* NSArray+MASAdditions.m in Sources */,
				776A76171E069EC300C5C7AB /* AFURLResponseSerialization.m in Sources */,
				7790F27F1DFD01DA00181E49 /* MASViewAttribute.m in Sources */,
				77AEF8761E114ADD0095FD76 /* FCHotLiveColletionLayOut.m in Sources */,
				7793CC741E05818100A4BAE5 /* UILabel+extension.m in Sources */,
				77C89A011DFC1AA000A80625 /* UIView+extension.m in Sources */,
				7793CC861E0641B000A4BAE5 /* FCLoginViewCtr.m in Sources */,
				77696FC01DFD859D002C62BA /* FCSetingTabCell.m in Sources */,
				7790F2991DFD01DA00181E49 /* SVRadialGradientLayer.m in Sources */,
				775AA1EE1E080C6100B6D204 /* FCCatagaryCollectionFlowLayOut.m in Sources */,
				7790F27C1DFD01DA00181E49 /* MASConstraint.m in Sources */,
			);
			runOnlyForDeploymentPostprocessing = 0;
		};
/* End PBXSourcesBuildPhase section */

/* Begin PBXVariantGroup section */
		771AB1E91E094AA100AAC4D1 /* SSKeychain.strings */ = {
			isa = PBXVariantGroup;
			children = (
				771AB1EA1E094AA100AAC4D1 /* en */,
			);
			name = SSKeychain.strings;
			sourceTree = "<group>";
		};
		7753502E1DFC12C500B27B79 /* LaunchScreen.storyboard */ = {
			isa = PBXVariantGroup;
			children = (
				7753502F1DFC12C500B27B79 /* Base */,
			);
			name = LaunchScreen.storyboard;
			sourceTree = "<group>";
		};
/* End PBXVariantGroup section */

/* Begin XCBuildConfiguration section */
		775350321DFC12C500B27B79 /* Debug */ = {
			isa = XCBuildConfiguration;
			buildSettings = {
				ALWAYS_SEARCH_USER_PATHS = NO;
				CLANG_ANALYZER_NONNULL = YES;
				CLANG_CXX_LANGUAGE_STANDARD = "gnu++0x";
				CLANG_CXX_LIBRARY = "libc++";
				CLANG_ENABLE_MODULES = YES;
				CLANG_ENABLE_OBJC_ARC = YES;
				CLANG_WARN_BOOL_CONVERSION = YES;
				CLANG_WARN_CONSTANT_CONVERSION = YES;
				CLANG_WARN_DIRECT_OBJC_ISA_USAGE = YES_ERROR;
				CLANG_WARN_DOCUMENTATION_COMMENTS = YES;
				CLANG_WARN_EMPTY_BODY = YES;
				CLANG_WARN_ENUM_CONVERSION = YES;
				CLANG_WARN_INFINITE_RECURSION = YES;
				CLANG_WARN_INT_CONVERSION = YES;
				CLANG_WARN_OBJC_ROOT_CLASS = YES_ERROR;
				CLANG_WARN_SUSPICIOUS_MOVE = YES;
				CLANG_WARN_SUSPICIOUS_MOVES = YES;
				CLANG_WARN_UNREACHABLE_CODE = YES;
				CLANG_WARN__DUPLICATE_METHOD_MATCH = YES;
				"CODE_SIGN_IDENTITY[sdk=iphoneos*]" = "iPhone Developer";
				COPY_PHASE_STRIP = NO;
				DEBUG_INFORMATION_FORMAT = dwarf;
				ENABLE_STRICT_OBJC_MSGSEND = YES;
				ENABLE_TESTABILITY = YES;
				GCC_C_LANGUAGE_STANDARD = gnu99;
				GCC_DYNAMIC_NO_PIC = NO;
				GCC_NO_COMMON_BLOCKS = YES;
				GCC_OPTIMIZATION_LEVEL = 0;
				GCC_PREPROCESSOR_DEFINITIONS = (
					"DEBUG=1",
					"$(inherited)",
				);
				GCC_WARN_64_TO_32_BIT_CONVERSION = YES;
				GCC_WARN_ABOUT_RETURN_TYPE = YES_ERROR;
				GCC_WARN_UNDECLARED_SELECTOR = YES;
				GCC_WARN_UNINITIALIZED_AUTOS = YES_AGGRESSIVE;
				GCC_WARN_UNUSED_FUNCTION = YES;
				GCC_WARN_UNUSED_VARIABLE = YES;
				IPHONEOS_DEPLOYMENT_TARGET = 10.0;
				MTL_ENABLE_DEBUG_INFO = YES;
				ONLY_ACTIVE_ARCH = YES;
				SDKROOT = iphoneos;
			};
			name = Debug;
		};
		775350331DFC12C500B27B79 /* Release */ = {
			isa = XCBuildConfiguration;
			buildSettings = {
				ALWAYS_SEARCH_USER_PATHS = NO;
				CLANG_ANALYZER_NONNULL = YES;
				CLANG_CXX_LANGUAGE_STANDARD = "gnu++0x";
				CLANG_CXX_LIBRARY = "libc++";
				CLANG_ENABLE_MODULES = YES;
				CLANG_ENABLE_OBJC_ARC = YES;
				CLANG_WARN_BOOL_CONVERSION = YES;
				CLANG_WARN_CONSTANT_CONVERSION = YES;
				CLANG_WARN_DIRECT_OBJC_ISA_USAGE = YES_ERROR;
				CLANG_WARN_DOCUMENTATION_COMMENTS = YES;
				CLANG_WARN_EMPTY_BODY = YES;
				CLANG_WARN_ENUM_CONVERSION = YES;
				CLANG_WARN_INFINITE_RECURSION = YES;
				CLANG_WARN_INT_CONVERSION = YES;
				CLANG_WARN_OBJC_ROOT_CLASS = YES_ERROR;
				CLANG_WARN_SUSPICIOUS_MOVE = YES;
				CLANG_WARN_SUSPICIOUS_MOVES = YES;
				CLANG_WARN_UNREACHABLE_CODE = YES;
				CLANG_WARN__DUPLICATE_METHOD_MATCH = YES;
				"CODE_SIGN_IDENTITY[sdk=iphoneos*]" = "iPhone Developer";
				COPY_PHASE_STRIP = NO;
				DEBUG_INFORMATION_FORMAT = "dwarf-with-dsym";
				ENABLE_NS_ASSERTIONS = NO;
				ENABLE_STRICT_OBJC_MSGSEND = YES;
				GCC_C_LANGUAGE_STANDARD = gnu99;
				GCC_NO_COMMON_BLOCKS = YES;
				GCC_WARN_64_TO_32_BIT_CONVERSION = YES;
				GCC_WARN_ABOUT_RETURN_TYPE = YES_ERROR;
				GCC_WARN_UNDECLARED_SELECTOR = YES;
				GCC_WARN_UNINITIALIZED_AUTOS = YES_AGGRESSIVE;
				GCC_WARN_UNUSED_FUNCTION = YES;
				GCC_WARN_UNUSED_VARIABLE = YES;
				IPHONEOS_DEPLOYMENT_TARGET = 10.0;
				MTL_ENABLE_DEBUG_INFO = NO;
				SDKROOT = iphoneos;
				VALIDATE_PRODUCT = YES;
			};
			name = Release;
		};
		775350351DFC12C500B27B79 /* Debug */ = {
			isa = XCBuildConfiguration;
			baseConfigurationReference = CE6CF87B11EDF4949EAD9BDE /* Pods-FireCatLive.debug.xcconfig */;
			buildSettings = {
				ASSETCATALOG_COMPILER_APPICON_NAME = AppIcon;
				CODE_SIGN_ENTITLEMENTS = FireCatLive/FireCatLive.entitlements;
				DEVELOPMENT_TEAM = K8TMZUZB79;
				GCC_PREFIX_HEADER = FireCatLive/Others/PrefixHeader.pch;
				INFOPLIST_FILE = FireCatLive/Info.plist;
				IPHONEOS_DEPLOYMENT_TARGET = 8.0;
				LD_RUNPATH_SEARCH_PATHS = "$(inherited) @executable_path/Frameworks";
				PRODUCT_BUNDLE_IDENTIFIER = cn.hukun.FireCatLive;
				PRODUCT_NAME = "$(TARGET_NAME)";
			};
			name = Debug;
		};
		775350361DFC12C500B27B79 /* Release */ = {
			isa = XCBuildConfiguration;
			baseConfigurationReference = 8899EE5BBC9052FC662DE9BD /* Pods-FireCatLive.release.xcconfig */;
			buildSettings = {
				ASSETCATALOG_COMPILER_APPICON_NAME = AppIcon;
				CODE_SIGN_ENTITLEMENTS = FireCatLive/FireCatLive.entitlements;
				DEVELOPMENT_TEAM = K8TMZUZB79;
				GCC_PREFIX_HEADER = FireCatLive/Others/PrefixHeader.pch;
				INFOPLIST_FILE = FireCatLive/Info.plist;
				IPHONEOS_DEPLOYMENT_TARGET = 8.0;
				LD_RUNPATH_SEARCH_PATHS = "$(inherited) @executable_path/Frameworks";
				PRODUCT_BUNDLE_IDENTIFIER = cn.hukun.FireCatLive;
				PRODUCT_NAME = "$(TARGET_NAME)";
			};
			name = Release;
		};
/* End XCBuildConfiguration section */

/* Begin XCConfigurationList section */
		775350181DFC12C500B27B79 /* Build configuration list for PBXProject "FireCatLive" */ = {
			isa = XCConfigurationList;
			buildConfigurations = (
				775350321DFC12C500B27B79 /* Debug */,
				775350331DFC12C500B27B79 /* Release */,
			);
			defaultConfigurationIsVisible = 0;
			defaultConfigurationName = Release;
		};
		775350341DFC12C500B27B79 /* Build configuration list for PBXNativeTarget "FireCatLive" */ = {
			isa = XCConfigurationList;
			buildConfigurations = (
				775350351DFC12C500B27B79 /* Debug */,
				775350361DFC12C500B27B79 /* Release */,
			);
			defaultConfigurationIsVisible = 0;
			defaultConfigurationName = Release;
		};
/* End XCConfigurationList section */
	};
	rootObject = 775350151DFC12C500B27B79 /* Project object */;
}
